// !$*UTF8*$!
{
	archiveVersion = 1;
	classes = {
	};
	objectVersion = 46;
	objects = {

/* Begin PBXBuildFile section */
		72095ED418B3CDA00034A5D9 /* product1.jpg in Resources */ = {isa = PBXBuildFile; fileRef = 72095ECD18B3CDA00034A5D9 /* product1.jpg */; };
		72095ED518B3CDA00034A5D9 /* product2.jpg in Resources */ = {isa = PBXBuildFile; fileRef = 72095ECE18B3CDA00034A5D9 /* product2.jpg */; };
		72095ED618B3CDA00034A5D9 /* product3.jpg in Resources */ = {isa = PBXBuildFile; fileRef = 72095ECF18B3CDA00034A5D9 /* product3.jpg */; };
		72095ED718B3CDA00034A5D9 /* product4.jpg in Resources */ = {isa = PBXBuildFile; fileRef = 72095ED018B3CDA00034A5D9 /* product4.jpg */; };
		72095ED818B3CDA00034A5D9 /* product5.jpg in Resources */ = {isa = PBXBuildFile; fileRef = 72095ED118B3CDA00034A5D9 /* product5.jpg */; };
		72095ED918B3CDA00034A5D9 /* product6.jpg in Resources */ = {isa = PBXBuildFile; fileRef = 72095ED218B3CDA00034A5D9 /* product6.jpg */; };
		72095EDA18B3CDA00034A5D9 /* product7.jpg in Resources */ = {isa = PBXBuildFile; fileRef = 72095ED318B3CDA00034A5D9 /* product7.jpg */; };
		72095EDD18B3D44C0034A5D9 /* subnav.png in Resources */ = {isa = PBXBuildFile; fileRef = 72095EDC18B3D44C0034A5D9 /* subnav.png */; };
		72095EDF18B3D4650034A5D9 /* carrot.png in Resources */ = {isa = PBXBuildFile; fileRef = 72095EDE18B3D4650034A5D9 /* carrot.png */; };
		72095EE118B3D4D20034A5D9 /* inventory_bg.png in Resources */ = {isa = PBXBuildFile; fileRef = 72095EE018B3D4D20034A5D9 /* inventory_bg.png */; };
		7210D11518ADE635007F4B2B /* MILTransitionAnimator.m in Sources */ = {isa = PBXBuildFile; fileRef = 7210D11418ADE635007F4B2B /* MILTransitionAnimator.m */; };
		7210D11818AE7002007F4B2B /* AvailabilityViewController.m in Sources */ = {isa = PBXBuildFile; fileRef = 7210D11718AE7002007F4B2B /* AvailabilityViewController.m */; };
		7210D11B18AE717B007F4B2B /* LocationItem.m in Sources */ = {isa = PBXBuildFile; fileRef = 7210D11A18AE717B007F4B2B /* LocationItem.m */; };
		7210D11E18AE745E007F4B2B /* LocationViewCell.m in Sources */ = {isa = PBXBuildFile; fileRef = 7210D11D18AE745E007F4B2B /* LocationViewCell.m */; };
		7210D12118AE8DA0007F4B2B /* DetailViewNavigationController.m in Sources */ = {isa = PBXBuildFile; fileRef = 7210D12018AE8DA0007F4B2B /* DetailViewNavigationController.m */; };
		7232ED4E18AEC7D100CE2C6A /* MapPopoverController.m in Sources */ = {isa = PBXBuildFile; fileRef = 7232ED4D18AEC7D100CE2C6A /* MapPopoverController.m */; };
		724AA7F218A53D5800560649 /* Foundation.framework in Frameworks */ = {isa = PBXBuildFile; fileRef = 724AA7F118A53D5800560649 /* Foundation.framework */; };
		724AA7F418A53D5800560649 /* CoreGraphics.framework in Frameworks */ = {isa = PBXBuildFile; fileRef = 724AA7F318A53D5800560649 /* CoreGraphics.framework */; };
		724AA7F618A53D5800560649 /* UIKit.framework in Frameworks */ = {isa = PBXBuildFile; fileRef = 724AA7F518A53D5800560649 /* UIKit.framework */; };
		724AA7FC18A53D5800560649 /* InfoPlist.strings in Resources */ = {isa = PBXBuildFile; fileRef = 724AA7FA18A53D5800560649 /* InfoPlist.strings */; };
		724AA7FE18A53D5800560649 /* main.m in Sources */ = {isa = PBXBuildFile; fileRef = 724AA7FD18A53D5800560649 /* main.m */; };
		724AA80218A53D5800560649 /* AppDelegate.m in Sources */ = {isa = PBXBuildFile; fileRef = 724AA80118A53D5800560649 /* AppDelegate.m */; };
		724AA80518A53D5800560649 /* Main.storyboard in Resources */ = {isa = PBXBuildFile; fileRef = 724AA80318A53D5800560649 /* Main.storyboard */; };
		724AA80818A53D5800560649 /* MasterViewController.m in Sources */ = {isa = PBXBuildFile; fileRef = 724AA80718A53D5800560649 /* MasterViewController.m */; };
		724AA80B18A53D5800560649 /* DetailViewController.m in Sources */ = {isa = PBXBuildFile; fileRef = 724AA80A18A53D5800560649 /* DetailViewController.m */; };
		724AA80D18A53D5800560649 /* Images.xcassets in Resources */ = {isa = PBXBuildFile; fileRef = 724AA80C18A53D5800560649 /* Images.xcassets */; };
		724AA81418A53D5800560649 /* XCTest.framework in Frameworks */ = {isa = PBXBuildFile; fileRef = 724AA81318A53D5800560649 /* XCTest.framework */; };
		724AA81518A53D5800560649 /* Foundation.framework in Frameworks */ = {isa = PBXBuildFile; fileRef = 724AA7F118A53D5800560649 /* Foundation.framework */; };
		724AA81618A53D5800560649 /* UIKit.framework in Frameworks */ = {isa = PBXBuildFile; fileRef = 724AA7F518A53D5800560649 /* UIKit.framework */; };
		724AA81E18A53D5800560649 /* InfoPlist.strings in Resources */ = {isa = PBXBuildFile; fileRef = 724AA81C18A53D5800560649 /* InfoPlist.strings */; };
		724AA82018A53D5800560649 /* PulseDemoAppTests.m in Sources */ = {isa = PBXBuildFile; fileRef = 724AA81F18A53D5800560649 /* PulseDemoAppTests.m */; };
		724AA82C18A80E5500560649 /* hamburger_icon.png in Resources */ = {isa = PBXBuildFile; fileRef = 724AA82B18A80E5500560649 /* hamburger_icon.png */; };
		724AA83018A8454B00560649 /* NavigationObject.m in Sources */ = {isa = PBXBuildFile; fileRef = 724AA82F18A8454B00560649 /* NavigationObject.m */; };
		724AA83318A845FF00560649 /* InventoryItem.m in Sources */ = {isa = PBXBuildFile; fileRef = 724AA83218A845FF00560649 /* InventoryItem.m */; };
		724AA83F18A8822C00560649 /* InventoryViewCell.m in Sources */ = {isa = PBXBuildFile; fileRef = 724AA83E18A8822C00560649 /* InventoryViewCell.m */; };
		724AA85318A97D0100560649 /* DepartmentViewController.m in Sources */ = {isa = PBXBuildFile; fileRef = 724AA85218A97D0100560649 /* DepartmentViewController.m */; };
		724AA87718A984DE00560649 /* ProductCollectionViewCell.m in Sources */ = {isa = PBXBuildFile; fileRef = 724AA87618A984DE00560649 /* ProductCollectionViewCell.m */; };
		724AA87A18AA8ED900560649 /* MainSplitViewController.m in Sources */ = {isa = PBXBuildFile; fileRef = 724AA87918AA8ED900560649 /* MainSplitViewController.m */; };
		7280BCAC18AC75BB00648A1F /* CustomerInformationViewController.m in Sources */ = {isa = PBXBuildFile; fileRef = 7280BCAB18AC75BB00648A1F /* CustomerInformationViewController.m */; };
		7280BCB918AD2EC500648A1F /* CustomerObject.m in Sources */ = {isa = PBXBuildFile; fileRef = 7280BCB818AD2EC500648A1F /* CustomerObject.m */; };
		742A07E118B3BE660055323B /* BootsImages_03.png in Resources */ = {isa = PBXBuildFile; fileRef = 742A07D718B3BE660055323B /* BootsImages_03.png */; };
		742A07E218B3BE660055323B /* BootsImages_06.png in Resources */ = {isa = PBXBuildFile; fileRef = 742A07D818B3BE660055323B /* BootsImages_06.png */; };
		742A07E318B3BE660055323B /* BootsImages_08.png in Resources */ = {isa = PBXBuildFile; fileRef = 742A07D918B3BE660055323B /* BootsImages_08.png */; };
		742A07E418B3BE660055323B /* BootsImages_11.png in Resources */ = {isa = PBXBuildFile; fileRef = 742A07DA18B3BE660055323B /* BootsImages_11.png */; };
		742A07E518B3BE660055323B /* BootsImages_14.png in Resources */ = {isa = PBXBuildFile; fileRef = 742A07DB18B3BE660055323B /* BootsImages_14.png */; };
		742A07E618B3BE660055323B /* BootsImages_21.png in Resources */ = {isa = PBXBuildFile; fileRef = 742A07DC18B3BE660055323B /* BootsImages_21.png */; };
		742A07E718B3BE660055323B /* BootsImages_22.png in Resources */ = {isa = PBXBuildFile; fileRef = 742A07DD18B3BE660055323B /* BootsImages_22.png */; };
		742A07E818B3BE660055323B /* BootsImages_23.png in Resources */ = {isa = PBXBuildFile; fileRef = 742A07DE18B3BE660055323B /* BootsImages_23.png */; };
		742A07E918B3BE660055323B /* BootsImages_24.png in Resources */ = {isa = PBXBuildFile; fileRef = 742A07DF18B3BE660055323B /* BootsImages_24.png */; };
		742A07EA18B3BE660055323B /* BootsImages_26.png in Resources */ = {isa = PBXBuildFile; fileRef = 742A07E018B3BE660055323B /* BootsImages_26.png */; };
		742A07EC18B3C6620055323B /* BootsImages_29.png in Resources */ = {isa = PBXBuildFile; fileRef = 742A07EB18B3C6620055323B /* BootsImages_29.png */; };
		745428A418AAC59000E2398E /* MCRotatingCarousel.m in Sources */ = {isa = PBXBuildFile; fileRef = 745428A318AAC59000E2398E /* MCRotatingCarousel.m */; };
		745428A718AAC71900E2398E /* ProductDetailViewController.m in Sources */ = {isa = PBXBuildFile; fileRef = 745428A618AAC71900E2398E /* ProductDetailViewController.m */; };
/* End PBXBuildFile section */

/* Begin PBXContainerItemProxy section */
		724AA81718A53D5800560649 /* PBXContainerItemProxy */ = {
			isa = PBXContainerItemProxy;
			containerPortal = 724AA7E618A53D5800560649 /* Project object */;
			proxyType = 1;
			remoteGlobalIDString = 724AA7ED18A53D5800560649;
			remoteInfo = PulseDemoApp;
		};
/* End PBXContainerItemProxy section */

/* Begin PBXFileReference section */
		72095ECD18B3CDA00034A5D9 /* product1.jpg */ = {isa = PBXFileReference; lastKnownFileType = image.jpeg; path = product1.jpg; sourceTree = "<group>"; };
		72095ECE18B3CDA00034A5D9 /* product2.jpg */ = {isa = PBXFileReference; lastKnownFileType = image.jpeg; path = product2.jpg; sourceTree = "<group>"; };
		72095ECF18B3CDA00034A5D9 /* product3.jpg */ = {isa = PBXFileReference; lastKnownFileType = image.jpeg; path = product3.jpg; sourceTree = "<group>"; };
		72095ED018B3CDA00034A5D9 /* product4.jpg */ = {isa = PBXFileReference; lastKnownFileType = image.jpeg; path = product4.jpg; sourceTree = "<group>"; };
		72095ED118B3CDA00034A5D9 /* product5.jpg */ = {isa = PBXFileReference; lastKnownFileType = image.jpeg; path = product5.jpg; sourceTree = "<group>"; };
		72095ED218B3CDA00034A5D9 /* product6.jpg */ = {isa = PBXFileReference; lastKnownFileType = image.jpeg; path = product6.jpg; sourceTree = "<group>"; };
		72095ED318B3CDA00034A5D9 /* product7.jpg */ = {isa = PBXFileReference; lastKnownFileType = image.jpeg; path = product7.jpg; sourceTree = "<group>"; };
		72095EDC18B3D44C0034A5D9 /* subnav.png */ = {isa = PBXFileReference; lastKnownFileType = image.png; path = subnav.png; sourceTree = "<group>"; };
		72095EDE18B3D4650034A5D9 /* carrot.png */ = {isa = PBXFileReference; lastKnownFileType = image.png; path = carrot.png; sourceTree = "<group>"; };
		72095EE018B3D4D20034A5D9 /* inventory_bg.png */ = {isa = PBXFileReference; lastKnownFileType = image.png; path = inventory_bg.png; sourceTree = "<group>"; };
		7210D11318ADE635007F4B2B /* MILTransitionAnimator.h */ = {isa = PBXFileReference; fileEncoding = 4; lastKnownFileType = sourcecode.c.h; path = MILTransitionAnimator.h; sourceTree = "<group>"; };
		7210D11418ADE635007F4B2B /* MILTransitionAnimator.m */ = {isa = PBXFileReference; fileEncoding = 4; lastKnownFileType = sourcecode.c.objc; path = MILTransitionAnimator.m; sourceTree = "<group>"; };
		7210D11618AE7002007F4B2B /* AvailabilityViewController.h */ = {isa = PBXFileReference; fileEncoding = 4; lastKnownFileType = sourcecode.c.h; path = AvailabilityViewController.h; sourceTree = "<group>"; };
		7210D11718AE7002007F4B2B /* AvailabilityViewController.m */ = {isa = PBXFileReference; fileEncoding = 4; lastKnownFileType = sourcecode.c.objc; path = AvailabilityViewController.m; sourceTree = "<group>"; };
		7210D11918AE717B007F4B2B /* LocationItem.h */ = {isa = PBXFileReference; fileEncoding = 4; lastKnownFileType = sourcecode.c.h; path = LocationItem.h; sourceTree = "<group>"; };
		7210D11A18AE717B007F4B2B /* LocationItem.m */ = {isa = PBXFileReference; fileEncoding = 4; lastKnownFileType = sourcecode.c.objc; path = LocationItem.m; sourceTree = "<group>"; };
		7210D11C18AE745E007F4B2B /* LocationViewCell.h */ = {isa = PBXFileReference; fileEncoding = 4; lastKnownFileType = sourcecode.c.h; path = LocationViewCell.h; sourceTree = "<group>"; };
		7210D11D18AE745E007F4B2B /* LocationViewCell.m */ = {isa = PBXFileReference; fileEncoding = 4; lastKnownFileType = sourcecode.c.objc; path = LocationViewCell.m; sourceTree = "<group>"; };
		7210D11F18AE8DA0007F4B2B /* DetailViewNavigationController.h */ = {isa = PBXFileReference; fileEncoding = 4; lastKnownFileType = sourcecode.c.h; path = DetailViewNavigationController.h; sourceTree = "<group>"; };
		7210D12018AE8DA0007F4B2B /* DetailViewNavigationController.m */ = {isa = PBXFileReference; fileEncoding = 4; lastKnownFileType = sourcecode.c.objc; path = DetailViewNavigationController.m; sourceTree = "<group>"; };
		7232ED4C18AEC7D100CE2C6A /* MapPopoverController.h */ = {isa = PBXFileReference; fileEncoding = 4; lastKnownFileType = sourcecode.c.h; path = MapPopoverController.h; sourceTree = "<group>"; };
		7232ED4D18AEC7D100CE2C6A /* MapPopoverController.m */ = {isa = PBXFileReference; fileEncoding = 4; lastKnownFileType = sourcecode.c.objc; path = MapPopoverController.m; sourceTree = "<group>"; };
		724AA7EE18A53D5800560649 /* Homestead.app */ = {isa = PBXFileReference; explicitFileType = wrapper.application; includeInIndex = 0; path = Homestead.app; sourceTree = BUILT_PRODUCTS_DIR; };
		724AA7F118A53D5800560649 /* Foundation.framework */ = {isa = PBXFileReference; lastKnownFileType = wrapper.framework; name = Foundation.framework; path = System/Library/Frameworks/Foundation.framework; sourceTree = SDKROOT; };
		724AA7F318A53D5800560649 /* CoreGraphics.framework */ = {isa = PBXFileReference; lastKnownFileType = wrapper.framework; name = CoreGraphics.framework; path = System/Library/Frameworks/CoreGraphics.framework; sourceTree = SDKROOT; };
		724AA7F518A53D5800560649 /* UIKit.framework */ = {isa = PBXFileReference; lastKnownFileType = wrapper.framework; name = UIKit.framework; path = System/Library/Frameworks/UIKit.framework; sourceTree = SDKROOT; };
		724AA7F918A53D5800560649 /* Homestead Sales Associate App-Info.plist */ = {isa = PBXFileReference; lastKnownFileType = text.plist.xml; path = "Homestead Sales Associate App-Info.plist"; sourceTree = "<group>"; };
		724AA7FB18A53D5800560649 /* en */ = {isa = PBXFileReference; lastKnownFileType = text.plist.strings; name = en; path = en.lproj/InfoPlist.strings; sourceTree = "<group>"; };
		724AA7FD18A53D5800560649 /* main.m */ = {isa = PBXFileReference; lastKnownFileType = sourcecode.c.objc; path = main.m; sourceTree = "<group>"; };
		724AA7FF18A53D5800560649 /* Homestead Sales Associate App-Prefix.pch */ = {isa = PBXFileReference; lastKnownFileType = sourcecode.c.h; path = "Homestead Sales Associate App-Prefix.pch"; sourceTree = "<group>"; };
		724AA80018A53D5800560649 /* AppDelegate.h */ = {isa = PBXFileReference; lastKnownFileType = sourcecode.c.h; path = AppDelegate.h; sourceTree = "<group>"; };
		724AA80118A53D5800560649 /* AppDelegate.m */ = {isa = PBXFileReference; lastKnownFileType = sourcecode.c.objc; path = AppDelegate.m; sourceTree = "<group>"; };
		724AA80418A53D5800560649 /* Base */ = {isa = PBXFileReference; lastKnownFileType = file.storyboard; name = Base; path = Base.lproj/Main.storyboard; sourceTree = "<group>"; };
		724AA80618A53D5800560649 /* MasterViewController.h */ = {isa = PBXFileReference; lastKnownFileType = sourcecode.c.h; path = MasterViewController.h; sourceTree = "<group>"; };
		724AA80718A53D5800560649 /* MasterViewController.m */ = {isa = PBXFileReference; lastKnownFileType = sourcecode.c.objc; path = MasterViewController.m; sourceTree = "<group>"; };
		724AA80918A53D5800560649 /* DetailViewController.h */ = {isa = PBXFileReference; lastKnownFileType = sourcecode.c.h; path = DetailViewController.h; sourceTree = "<group>"; };
		724AA80A18A53D5800560649 /* DetailViewController.m */ = {isa = PBXFileReference; lastKnownFileType = sourcecode.c.objc; path = DetailViewController.m; sourceTree = "<group>"; };
		724AA80C18A53D5800560649 /* Images.xcassets */ = {isa = PBXFileReference; lastKnownFileType = folder.assetcatalog; path = Images.xcassets; sourceTree = "<group>"; };
		724AA81218A53D5800560649 /* Homestead Sales Associate AppTests.xctest */ = {isa = PBXFileReference; explicitFileType = wrapper.cfbundle; includeInIndex = 0; path = "Homestead Sales Associate AppTests.xctest"; sourceTree = BUILT_PRODUCTS_DIR; };
		724AA81318A53D5800560649 /* XCTest.framework */ = {isa = PBXFileReference; lastKnownFileType = wrapper.framework; name = XCTest.framework; path = Library/Frameworks/XCTest.framework; sourceTree = DEVELOPER_DIR; };
		724AA81B18A53D5800560649 /* Homestead Sales Associate AppTests-Info.plist */ = {isa = PBXFileReference; lastKnownFileType = text.plist.xml; path = "Homestead Sales Associate AppTests-Info.plist"; sourceTree = "<group>"; };
		724AA81D18A53D5800560649 /* en */ = {isa = PBXFileReference; lastKnownFileType = text.plist.strings; name = en; path = en.lproj/InfoPlist.strings; sourceTree = "<group>"; };
		724AA81F18A53D5800560649 /* PulseDemoAppTests.m */ = {isa = PBXFileReference; lastKnownFileType = sourcecode.c.objc; path = PulseDemoAppTests.m; sourceTree = "<group>"; };
		724AA82B18A80E5500560649 /* hamburger_icon.png */ = {isa = PBXFileReference; lastKnownFileType = image.png; name = hamburger_icon.png; path = PulseDemoApp/hamburger_icon.png; sourceTree = SOURCE_ROOT; };
		724AA82E18A8454B00560649 /* NavigationObject.h */ = {isa = PBXFileReference; fileEncoding = 4; lastKnownFileType = sourcecode.c.h; path = NavigationObject.h; sourceTree = "<group>"; };
		724AA82F18A8454B00560649 /* NavigationObject.m */ = {isa = PBXFileReference; fileEncoding = 4; lastKnownFileType = sourcecode.c.objc; path = NavigationObject.m; sourceTree = "<group>"; };
		724AA83118A845FF00560649 /* InventoryItem.h */ = {isa = PBXFileReference; fileEncoding = 4; lastKnownFileType = sourcecode.c.h; path = InventoryItem.h; sourceTree = "<group>"; };
		724AA83218A845FF00560649 /* InventoryItem.m */ = {isa = PBXFileReference; fileEncoding = 4; lastKnownFileType = sourcecode.c.objc; path = InventoryItem.m; sourceTree = "<group>"; };
		724AA83D18A8822C00560649 /* InventoryViewCell.h */ = {isa = PBXFileReference; fileEncoding = 4; lastKnownFileType = sourcecode.c.h; path = InventoryViewCell.h; sourceTree = "<group>"; };
		724AA83E18A8822C00560649 /* InventoryViewCell.m */ = {isa = PBXFileReference; fileEncoding = 4; lastKnownFileType = sourcecode.c.objc; path = InventoryViewCell.m; sourceTree = "<group>"; };
		724AA85118A97D0100560649 /* DepartmentViewController.h */ = {isa = PBXFileReference; fileEncoding = 4; lastKnownFileType = sourcecode.c.h; path = DepartmentViewController.h; sourceTree = "<group>"; };
		724AA85218A97D0100560649 /* DepartmentViewController.m */ = {isa = PBXFileReference; fileEncoding = 4; lastKnownFileType = sourcecode.c.objc; path = DepartmentViewController.m; sourceTree = "<group>"; };
		724AA87518A984DE00560649 /* ProductCollectionViewCell.h */ = {isa = PBXFileReference; fileEncoding = 4; lastKnownFileType = sourcecode.c.h; path = ProductCollectionViewCell.h; sourceTree = "<group>"; };
		724AA87618A984DE00560649 /* ProductCollectionViewCell.m */ = {isa = PBXFileReference; fileEncoding = 4; lastKnownFileType = sourcecode.c.objc; path = ProductCollectionViewCell.m; sourceTree = "<group>"; };
		724AA87818AA8ED900560649 /* MainSplitViewController.h */ = {isa = PBXFileReference; fileEncoding = 4; lastKnownFileType = sourcecode.c.h; path = MainSplitViewController.h; sourceTree = "<group>"; };
		724AA87918AA8ED900560649 /* MainSplitViewController.m */ = {isa = PBXFileReference; fileEncoding = 4; lastKnownFileType = sourcecode.c.objc; path = MainSplitViewController.m; sourceTree = "<group>"; };
		7280BCAA18AC75BB00648A1F /* CustomerInformationViewController.h */ = {isa = PBXFileReference; fileEncoding = 4; lastKnownFileType = sourcecode.c.h; path = CustomerInformationViewController.h; sourceTree = "<group>"; };
		7280BCAB18AC75BB00648A1F /* CustomerInformationViewController.m */ = {isa = PBXFileReference; fileEncoding = 4; lastKnownFileType = sourcecode.c.objc; path = CustomerInformationViewController.m; sourceTree = "<group>"; };
		7280BCB718AD2EC500648A1F /* CustomerObject.h */ = {isa = PBXFileReference; fileEncoding = 4; lastKnownFileType = sourcecode.c.h; path = CustomerObject.h; sourceTree = "<group>"; };
		7280BCB818AD2EC500648A1F /* CustomerObject.m */ = {isa = PBXFileReference; fileEncoding = 4; lastKnownFileType = sourcecode.c.objc; path = CustomerObject.m; sourceTree = "<group>"; };
		742A07D418B3BBF90055323B /* inventory_bg.png */ = {isa = PBXFileReference; lastKnownFileType = image.png; path = inventory_bg.png; sourceTree = "<group>"; };
		742A07D718B3BE660055323B /* BootsImages_03.png */ = {isa = PBXFileReference; lastKnownFileType = image.png; path = BootsImages_03.png; sourceTree = "<group>"; };
		742A07D818B3BE660055323B /* BootsImages_06.png */ = {isa = PBXFileReference; lastKnownFileType = image.png; path = BootsImages_06.png; sourceTree = "<group>"; };
		742A07D918B3BE660055323B /* BootsImages_08.png */ = {isa = PBXFileReference; lastKnownFileType = image.png; path = BootsImages_08.png; sourceTree = "<group>"; };
		742A07DA18B3BE660055323B /* BootsImages_11.png */ = {isa = PBXFileReference; lastKnownFileType = image.png; path = BootsImages_11.png; sourceTree = "<group>"; };
		742A07DB18B3BE660055323B /* BootsImages_14.png */ = {isa = PBXFileReference; lastKnownFileType = image.png; path = BootsImages_14.png; sourceTree = "<group>"; };
		742A07DC18B3BE660055323B /* BootsImages_21.png */ = {isa = PBXFileReference; lastKnownFileType = image.png; path = BootsImages_21.png; sourceTree = "<group>"; };
		742A07DD18B3BE660055323B /* BootsImages_22.png */ = {isa = PBXFileReference; lastKnownFileType = image.png; path = BootsImages_22.png; sourceTree = "<group>"; };
		742A07DE18B3BE660055323B /* BootsImages_23.png */ = {isa = PBXFileReference; lastKnownFileType = image.png; path = BootsImages_23.png; sourceTree = "<group>"; };
		742A07DF18B3BE660055323B /* BootsImages_24.png */ = {isa = PBXFileReference; lastKnownFileType = image.png; path = BootsImages_24.png; sourceTree = "<group>"; };
		742A07E018B3BE660055323B /* BootsImages_26.png */ = {isa = PBXFileReference; lastKnownFileType = image.png; path = BootsImages_26.png; sourceTree = "<group>"; };
		742A07EB18B3C6620055323B /* BootsImages_29.png */ = {isa = PBXFileReference; lastKnownFileType = image.png; path = BootsImages_29.png; sourceTree = "<group>"; };
		745428A218AAC59000E2398E /* MCRotatingCarousel.h */ = {isa = PBXFileReference; fileEncoding = 4; lastKnownFileType = sourcecode.c.h; path = MCRotatingCarousel.h; sourceTree = "<group>"; };
		745428A318AAC59000E2398E /* MCRotatingCarousel.m */ = {isa = PBXFileReference; fileEncoding = 4; lastKnownFileType = sourcecode.c.objc; path = MCRotatingCarousel.m; sourceTree = "<group>"; };
		745428A518AAC71900E2398E /* ProductDetailViewController.h */ = {isa = PBXFileReference; fileEncoding = 4; lastKnownFileType = sourcecode.c.h; name = ProductDetailViewController.h; path = ../ProductDetailViewController.h; sourceTree = "<group>"; };
		745428A618AAC71900E2398E /* ProductDetailViewController.m */ = {isa = PBXFileReference; fileEncoding = 4; lastKnownFileType = sourcecode.c.objc; name = ProductDetailViewController.m; path = ../ProductDetailViewController.m; sourceTree = "<group>"; };
		747F97EE18AC2DF700554F55 /* subnav.png */ = {isa = PBXFileReference; lastKnownFileType = image.png; path = subnav.png; sourceTree = "<group>"; };
		747F97F018AC2F6300554F55 /* carrot.png */ = {isa = PBXFileReference; lastKnownFileType = image.png; path = carrot.png; sourceTree = "<group>"; };
/* End PBXFileReference section */

/* Begin PBXFrameworksBuildPhase section */
		724AA7EB18A53D5800560649 /* Frameworks */ = {
			isa = PBXFrameworksBuildPhase;
			buildActionMask = 2147483647;
			files = (
				724AA7F418A53D5800560649 /* CoreGraphics.framework in Frameworks */,
				724AA7F618A53D5800560649 /* UIKit.framework in Frameworks */,
				724AA7F218A53D5800560649 /* Foundation.framework in Frameworks */,
			);
			runOnlyForDeploymentPostprocessing = 0;
		};
		724AA80F18A53D5800560649 /* Frameworks */ = {
			isa = PBXFrameworksBuildPhase;
			buildActionMask = 2147483647;
			files = (
				724AA81418A53D5800560649 /* XCTest.framework in Frameworks */,
				724AA81618A53D5800560649 /* UIKit.framework in Frameworks */,
				724AA81518A53D5800560649 /* Foundation.framework in Frameworks */,
			);
			runOnlyForDeploymentPostprocessing = 0;
		};
/* End PBXFrameworksBuildPhase section */

/* Begin PBXGroup section */
		72095ECC18B3CDA00034A5D9 /* Product Images */ = {
			isa = PBXGroup;
			children = (
				72095ECD18B3CDA00034A5D9 /* product1.jpg */,
				72095ECE18B3CDA00034A5D9 /* product2.jpg */,
				72095ECF18B3CDA00034A5D9 /* product3.jpg */,
				72095ED018B3CDA00034A5D9 /* product4.jpg */,
				72095ED118B3CDA00034A5D9 /* product5.jpg */,
				72095ED218B3CDA00034A5D9 /* product6.jpg */,
				72095ED318B3CDA00034A5D9 /* product7.jpg */,
			);
			path = "Product Images";
			sourceTree = "<group>";
		};
		72095EDB18B3D4370034A5D9 /* App Images */ = {
			isa = PBXGroup;
			children = (
				72095EE018B3D4D20034A5D9 /* inventory_bg.png */,
				72095EDE18B3D4650034A5D9 /* carrot.png */,
				72095EDC18B3D44C0034A5D9 /* subnav.png */,
			);
			name = "App Images";
			sourceTree = "<group>";
		};
		724AA7E518A53D5800560649 = {
			isa = PBXGroup;
			children = (
				724AA7F718A53D5800560649 /* Sales Associate App */,
				724AA81918A53D5800560649 /* Sales Associate Tests */,
				724AA7F018A53D5800560649 /* Frameworks */,
				724AA7EF18A53D5800560649 /* Products */,
			);
			sourceTree = "<group>";
		};
		724AA7EF18A53D5800560649 /* Products */ = {
			isa = PBXGroup;
			children = (
				724AA7EE18A53D5800560649 /* Homestead.app */,
				724AA81218A53D5800560649 /* Homestead Sales Associate AppTests.xctest */,
			);
			name = Products;
			sourceTree = "<group>";
		};
		724AA7F018A53D5800560649 /* Frameworks */ = {
			isa = PBXGroup;
			children = (
				724AA7F118A53D5800560649 /* Foundation.framework */,
				724AA7F318A53D5800560649 /* CoreGraphics.framework */,
				724AA7F518A53D5800560649 /* UIKit.framework */,
				724AA81318A53D5800560649 /* XCTest.framework */,
			);
			name = Frameworks;
			sourceTree = "<group>";
		};
		724AA7F718A53D5800560649 /* Sales Associate App */ = {
			isa = PBXGroup;
			children = (
				72095EDB18B3D4370034A5D9 /* App Images */,
				72095ECC18B3CDA00034A5D9 /* Product Images */,
				742A07D618B3BE660055323B /* inventoryBoots */,
				7280BCB618AC944F00648A1F /* Components */,
				7280BCB518AC943100648A1F /* Data Objects */,
				7280BCB418AC940800648A1F /* Animations */,
				724AA80018A53D5800560649 /* AppDelegate.h */,
				724AA80118A53D5800560649 /* AppDelegate.m */,
				724AA80618A53D5800560649 /* MasterViewController.h */,
				724AA80718A53D5800560649 /* MasterViewController.m */,
				724AA80918A53D5800560649 /* DetailViewController.h */,
				724AA80A18A53D5800560649 /* DetailViewController.m */,
				7210D11F18AE8DA0007F4B2B /* DetailViewNavigationController.h */,
				7210D12018AE8DA0007F4B2B /* DetailViewNavigationController.m */,
				724AA87818AA8ED900560649 /* MainSplitViewController.h */,
				724AA87918AA8ED900560649 /* MainSplitViewController.m */,
				724AA85118A97D0100560649 /* DepartmentViewController.h */,
				724AA85218A97D0100560649 /* DepartmentViewController.m */,
				745428A518AAC71900E2398E /* ProductDetailViewController.h */,
				745428A618AAC71900E2398E /* ProductDetailViewController.m */,
				7280BCAA18AC75BB00648A1F /* CustomerInformationViewController.h */,
				7280BCAB18AC75BB00648A1F /* CustomerInformationViewController.m */,
				7210D11618AE7002007F4B2B /* AvailabilityViewController.h */,
				7210D11718AE7002007F4B2B /* AvailabilityViewController.m */,
				724AA80C18A53D5800560649 /* Images.xcassets */,
				724AA80318A53D5800560649 /* Main.storyboard */,
				724AA7F818A53D5800560649 /* Supporting Files */,
			);
			name = "Sales Associate App";
			path = PulseDemoApp;
			sourceTree = "<group>";
		};
		724AA7F818A53D5800560649 /* Supporting Files */ = {
			isa = PBXGroup;
			children = (
				724AA82D18A80E6000560649 /* images */,
				724AA7F918A53D5800560649 /* Homestead Sales Associate App-Info.plist */,
				724AA7FA18A53D5800560649 /* InfoPlist.strings */,
				724AA7FD18A53D5800560649 /* main.m */,
				724AA7FF18A53D5800560649 /* Homestead Sales Associate App-Prefix.pch */,
			);
			name = "Supporting Files";
			sourceTree = "<group>";
		};
		724AA81918A53D5800560649 /* Sales Associate Tests */ = {
			isa = PBXGroup;
			children = (
				724AA81F18A53D5800560649 /* PulseDemoAppTests.m */,
				724AA81A18A53D5800560649 /* Supporting Files */,
			);
			name = "Sales Associate Tests";
			path = PulseDemoAppTests;
			sourceTree = "<group>";
		};
		724AA81A18A53D5800560649 /* Supporting Files */ = {
			isa = PBXGroup;
			children = (
				724AA81B18A53D5800560649 /* Homestead Sales Associate AppTests-Info.plist */,
				724AA81C18A53D5800560649 /* InfoPlist.strings */,
			);
			name = "Supporting Files";
			sourceTree = "<group>";
		};
		724AA82D18A80E6000560649 /* images */ = {
			isa = PBXGroup;
			children = (
				742A07D418B3BBF90055323B /* inventory_bg.png */,
				747F97F018AC2F6300554F55 /* carrot.png */,
				747F97EE18AC2DF700554F55 /* subnav.png */,
				724AA82B18A80E5500560649 /* hamburger_icon.png */,
			);
			name = images;
			sourceTree = "<group>";
		};
		7280BCB418AC940800648A1F /* Animations */ = {
			isa = PBXGroup;
			children = (
				7210D11318ADE635007F4B2B /* MILTransitionAnimator.h */,
				7210D11418ADE635007F4B2B /* MILTransitionAnimator.m */,
			);
			name = Animations;
			sourceTree = "<group>";
		};
		7280BCB518AC943100648A1F /* Data Objects */ = {
			isa = PBXGroup;
			children = (
				724AA83118A845FF00560649 /* InventoryItem.h */,
				724AA83218A845FF00560649 /* InventoryItem.m */,
				724AA82E18A8454B00560649 /* NavigationObject.h */,
				724AA82F18A8454B00560649 /* NavigationObject.m */,
				7280BCB718AD2EC500648A1F /* CustomerObject.h */,
				7280BCB818AD2EC500648A1F /* CustomerObject.m */,
				7210D11918AE717B007F4B2B /* LocationItem.h */,
				7210D11A18AE717B007F4B2B /* LocationItem.m */,
			);
			name = "Data Objects";
			sourceTree = "<group>";
		};
		7280BCB618AC944F00648A1F /* Components */ = {
			isa = PBXGroup;
			children = (
				724AA83D18A8822C00560649 /* InventoryViewCell.h */,
				724AA83E18A8822C00560649 /* InventoryViewCell.m */,
				724AA87518A984DE00560649 /* ProductCollectionViewCell.h */,
				724AA87618A984DE00560649 /* ProductCollectionViewCell.m */,
				745428A218AAC59000E2398E /* MCRotatingCarousel.h */,
				745428A318AAC59000E2398E /* MCRotatingCarousel.m */,
				7210D11C18AE745E007F4B2B /* LocationViewCell.h */,
				7210D11D18AE745E007F4B2B /* LocationViewCell.m */,
				7232ED4C18AEC7D100CE2C6A /* MapPopoverController.h */,
				7232ED4D18AEC7D100CE2C6A /* MapPopoverController.m */,
			);
			name = Components;
			sourceTree = "<group>";
		};
		742A07D618B3BE660055323B /* inventoryBoots */ = {
			isa = PBXGroup;
			children = (
				742A07D718B3BE660055323B /* BootsImages_03.png */,
				742A07D818B3BE660055323B /* BootsImages_06.png */,
				742A07D918B3BE660055323B /* BootsImages_08.png */,
				742A07DA18B3BE660055323B /* BootsImages_11.png */,
				742A07DB18B3BE660055323B /* BootsImages_14.png */,
				742A07DC18B3BE660055323B /* BootsImages_21.png */,
				742A07DD18B3BE660055323B /* BootsImages_22.png */,
				742A07EB18B3C6620055323B /* BootsImages_29.png */,
				742A07DE18B3BE660055323B /* BootsImages_23.png */,
				742A07DF18B3BE660055323B /* BootsImages_24.png */,
				742A07E018B3BE660055323B /* BootsImages_26.png */,
			);
			name = inventoryBoots;
			path = "Boots Images";
			sourceTree = "<group>";
		};
/* End PBXGroup section */

/* Begin PBXNativeTarget section */
		724AA7ED18A53D5800560649 /* Homestead Sales Associate App */ = {
			isa = PBXNativeTarget;
			buildConfigurationList = 724AA82318A53D5800560649 /* Build configuration list for PBXNativeTarget "Homestead Sales Associate App" */;
			buildPhases = (
				724AA7EA18A53D5800560649 /* Sources */,
				724AA7EB18A53D5800560649 /* Frameworks */,
				724AA7EC18A53D5800560649 /* Resources */,
			);
			buildRules = (
			);
			dependencies = (
			);
			name = "Homestead Sales Associate App";
			productName = PulseDemoApp;
			productReference = 724AA7EE18A53D5800560649 /* Homestead.app */;
			productType = "com.apple.product-type.application";
		};
		724AA81118A53D5800560649 /* Homestead Sales Associate AppTests */ = {
			isa = PBXNativeTarget;
			buildConfigurationList = 724AA82618A53D5800560649 /* Build configuration list for PBXNativeTarget "Homestead Sales Associate AppTests" */;
			buildPhases = (
				724AA80E18A53D5800560649 /* Sources */,
				724AA80F18A53D5800560649 /* Frameworks */,
				724AA81018A53D5800560649 /* Resources */,
			);
			buildRules = (
			);
			dependencies = (
				724AA81818A53D5800560649 /* PBXTargetDependency */,
			);
			name = "Homestead Sales Associate AppTests";
			productName = PulseDemoAppTests;
			productReference = 724AA81218A53D5800560649 /* Homestead Sales Associate AppTests.xctest */;
			productType = "com.apple.product-type.bundle.unit-test";
		};
/* End PBXNativeTarget section */

/* Begin PBXProject section */
		724AA7E618A53D5800560649 /* Project object */ = {
			isa = PBXProject;
			attributes = {
				LastUpgradeCheck = 0500;
				ORGANIZATIONNAME = "IBM MIL";
				TargetAttributes = {
					724AA7ED18A53D5800560649 = {
						DevelopmentTeam = W4BUTESPCK;
					};
					724AA81118A53D5800560649 = {
						TestTargetID = 724AA7ED18A53D5800560649;
					};
				};
			};
			buildConfigurationList = 724AA7E918A53D5800560649 /* Build configuration list for PBXProject "Homestead Sales Associate App" */;
			compatibilityVersion = "Xcode 3.2";
			developmentRegion = English;
			hasScannedForEncodings = 0;
			knownRegions = (
				en,
				Base,
			);
			mainGroup = 724AA7E518A53D5800560649;
			productRefGroup = 724AA7EF18A53D5800560649 /* Products */;
			projectDirPath = "";
			projectRoot = "";
			targets = (
				724AA7ED18A53D5800560649 /* Homestead Sales Associate App */,
				724AA81118A53D5800560649 /* Homestead Sales Associate AppTests */,
			);
		};
/* End PBXProject section */

/* Begin PBXResourcesBuildPhase section */
		724AA7EC18A53D5800560649 /* Resources */ = {
			isa = PBXResourcesBuildPhase;
			buildActionMask = 2147483647;
			files = (
				742A07EC18B3C6620055323B /* BootsImages_29.png in Resources */,
				742A07E818B3BE660055323B /* BootsImages_23.png in Resources */,
				72095ED718B3CDA00034A5D9 /* product4.jpg in Resources */,
				742A07E918B3BE660055323B /* BootsImages_24.png in Resources */,
				724AA80D18A53D5800560649 /* Images.xcassets in Resources */,
				72095EE118B3D4D20034A5D9 /* inventory_bg.png in Resources */,
				742A07E518B3BE660055323B /* BootsImages_14.png in Resources */,
				742A07E118B3BE660055323B /* BootsImages_03.png in Resources */,
				742A07E218B3BE660055323B /* BootsImages_06.png in Resources */,
				72095EDF18B3D4650034A5D9 /* carrot.png in Resources */,
				742A07E718B3BE660055323B /* BootsImages_22.png in Resources */,
				72095EDA18B3CDA00034A5D9 /* product7.jpg in Resources */,
				724AA7FC18A53D5800560649 /* InfoPlist.strings in Resources */,
				72095ED918B3CDA00034A5D9 /* product6.jpg in Resources */,
				742A07E318B3BE660055323B /* BootsImages_08.png in Resources */,
				742A07E418B3BE660055323B /* BootsImages_11.png in Resources */,
				72095EDD18B3D44C0034A5D9 /* subnav.png in Resources */,
				724AA82C18A80E5500560649 /* hamburger_icon.png in Resources */,
				72095ED518B3CDA00034A5D9 /* product2.jpg in Resources */,
				72095ED618B3CDA00034A5D9 /* product3.jpg in Resources */,
				742A07EA18B3BE660055323B /* BootsImages_26.png in Resources */,
				72095ED418B3CDA00034A5D9 /* product1.jpg in Resources */,
				72095ED818B3CDA00034A5D9 /* product5.jpg in Resources */,
				724AA80518A53D5800560649 /* Main.storyboard in Resources */,
				742A07E618B3BE660055323B /* BootsImages_21.png in Resources */,
			);
			runOnlyForDeploymentPostprocessing = 0;
		};
		724AA81018A53D5800560649 /* Resources */ = {
			isa = PBXResourcesBuildPhase;
			buildActionMask = 2147483647;
			files = (
				724AA81E18A53D5800560649 /* InfoPlist.strings in Resources */,
			);
			runOnlyForDeploymentPostprocessing = 0;
		};
/* End PBXResourcesBuildPhase section */

/* Begin PBXSourcesBuildPhase section */
		724AA7EA18A53D5800560649 /* Sources */ = {
			isa = PBXSourcesBuildPhase;
			buildActionMask = 2147483647;
			files = (
				724AA87A18AA8ED900560649 /* MainSplitViewController.m in Sources */,
				7210D11818AE7002007F4B2B /* AvailabilityViewController.m in Sources */,
				724AA83018A8454B00560649 /* NavigationObject.m in Sources */,
				745428A418AAC59000E2398E /* MCRotatingCarousel.m in Sources */,
				724AA80218A53D5800560649 /* AppDelegate.m in Sources */,
				7280BCB918AD2EC500648A1F /* CustomerObject.m in Sources */,
				7210D12118AE8DA0007F4B2B /* DetailViewNavigationController.m in Sources */,
				7210D11518ADE635007F4B2B /* MILTransitionAnimator.m in Sources */,
				724AA85318A97D0100560649 /* DepartmentViewController.m in Sources */,
				745428A718AAC71900E2398E /* ProductDetailViewController.m in Sources */,
				7210D11E18AE745E007F4B2B /* LocationViewCell.m in Sources */,
				724AA80818A53D5800560649 /* MasterViewController.m in Sources */,
				7210D11B18AE717B007F4B2B /* LocationItem.m in Sources */,
				724AA87718A984DE00560649 /* ProductCollectionViewCell.m in Sources */,
				724AA83318A845FF00560649 /* InventoryItem.m in Sources */,
				724AA7FE18A53D5800560649 /* main.m in Sources */,
				724AA80B18A53D5800560649 /* DetailViewController.m in Sources */,
				7280BCAC18AC75BB00648A1F /* CustomerInformationViewController.m in Sources */,
				7232ED4E18AEC7D100CE2C6A /* MapPopoverController.m in Sources */,
				724AA83F18A8822C00560649 /* InventoryViewCell.m in Sources */,
			);
			runOnlyForDeploymentPostprocessing = 0;
		};
		724AA80E18A53D5800560649 /* Sources */ = {
			isa = PBXSourcesBuildPhase;
			buildActionMask = 2147483647;
			files = (
				724AA82018A53D5800560649 /* PulseDemoAppTests.m in Sources */,
			);
			runOnlyForDeploymentPostprocessing = 0;
		};
/* End PBXSourcesBuildPhase section */

/* Begin PBXTargetDependency section */
		724AA81818A53D5800560649 /* PBXTargetDependency */ = {
			isa = PBXTargetDependency;
			target = 724AA7ED18A53D5800560649 /* Homestead Sales Associate App */;
			targetProxy = 724AA81718A53D5800560649 /* PBXContainerItemProxy */;
		};
/* End PBXTargetDependency section */

/* Begin PBXVariantGroup section */
		724AA7FA18A53D5800560649 /* InfoPlist.strings */ = {
			isa = PBXVariantGroup;
			children = (
				724AA7FB18A53D5800560649 /* en */,
			);
			name = InfoPlist.strings;
			sourceTree = "<group>";
		};
		724AA80318A53D5800560649 /* Main.storyboard */ = {
			isa = PBXVariantGroup;
			children = (
				724AA80418A53D5800560649 /* Base */,
			);
			name = Main.storyboard;
			sourceTree = "<group>";
		};
		724AA81C18A53D5800560649 /* InfoPlist.strings */ = {
			isa = PBXVariantGroup;
			children = (
				724AA81D18A53D5800560649 /* en */,
			);
			name = InfoPlist.strings;
			sourceTree = "<group>";
		};
/* End PBXVariantGroup section */

/* Begin XCBuildConfiguration section */
		724AA82118A53D5800560649 /* Debug */ = {
			isa = XCBuildConfiguration;
			buildSettings = {
				ALWAYS_SEARCH_USER_PATHS = NO;
				ARCHS = "$(ARCHS_STANDARD_INCLUDING_64_BIT)";
				CLANG_CXX_LANGUAGE_STANDARD = "gnu++0x";
				CLANG_CXX_LIBRARY = "libc++";
				CLANG_ENABLE_MODULES = YES;
				CLANG_ENABLE_OBJC_ARC = YES;
				CLANG_WARN_BOOL_CONVERSION = YES;
				CLANG_WARN_CONSTANT_CONVERSION = YES;
				CLANG_WARN_DIRECT_OBJC_ISA_USAGE = YES_ERROR;
				CLANG_WARN_EMPTY_BODY = YES;
				CLANG_WARN_ENUM_CONVERSION = YES;
				CLANG_WARN_INT_CONVERSION = YES;
				CLANG_WARN_OBJC_ROOT_CLASS = YES_ERROR;
				CLANG_WARN__DUPLICATE_METHOD_MATCH = YES;
				"CODE_SIGN_IDENTITY[sdk=iphoneos*]" = "iPhone Developer";
				COPY_PHASE_STRIP = NO;
				GCC_C_LANGUAGE_STANDARD = gnu99;
				GCC_DYNAMIC_NO_PIC = NO;
				GCC_OPTIMIZATION_LEVEL = 0;
				GCC_PREPROCESSOR_DEFINITIONS = (
					"DEBUG=1",
					"$(inherited)",
				);
				GCC_SYMBOLS_PRIVATE_EXTERN = NO;
				GCC_WARN_64_TO_32_BIT_CONVERSION = YES;
				GCC_WARN_ABOUT_RETURN_TYPE = YES_ERROR;
				GCC_WARN_UNDECLARED_SELECTOR = YES;
				GCC_WARN_UNINITIALIZED_AUTOS = YES;
				GCC_WARN_UNUSED_FUNCTION = YES;
				GCC_WARN_UNUSED_VARIABLE = YES;
				IPHONEOS_DEPLOYMENT_TARGET = 7.0;
				ONLY_ACTIVE_ARCH = YES;
				SDKROOT = iphoneos;
				TARGETED_DEVICE_FAMILY = 2;
			};
			name = Debug;
		};
		724AA82218A53D5800560649 /* Release */ = {
			isa = XCBuildConfiguration;
			buildSettings = {
				ALWAYS_SEARCH_USER_PATHS = NO;
				ARCHS = "$(ARCHS_STANDARD_INCLUDING_64_BIT)";
				CLANG_CXX_LANGUAGE_STANDARD = "gnu++0x";
				CLANG_CXX_LIBRARY = "libc++";
				CLANG_ENABLE_MODULES = YES;
				CLANG_ENABLE_OBJC_ARC = YES;
				CLANG_WARN_BOOL_CONVERSION = YES;
				CLANG_WARN_CONSTANT_CONVERSION = YES;
				CLANG_WARN_DIRECT_OBJC_ISA_USAGE = YES_ERROR;
				CLANG_WARN_EMPTY_BODY = YES;
				CLANG_WARN_ENUM_CONVERSION = YES;
				CLANG_WARN_INT_CONVERSION = YES;
				CLANG_WARN_OBJC_ROOT_CLASS = YES_ERROR;
				CLANG_WARN__DUPLICATE_METHOD_MATCH = YES;
				"CODE_SIGN_IDENTITY[sdk=iphoneos*]" = "iPhone Developer";
				COPY_PHASE_STRIP = YES;
				ENABLE_NS_ASSERTIONS = NO;
				GCC_C_LANGUAGE_STANDARD = gnu99;
				GCC_WARN_64_TO_32_BIT_CONVERSION = YES;
				GCC_WARN_ABOUT_RETURN_TYPE = YES_ERROR;
				GCC_WARN_UNDECLARED_SELECTOR = YES;
				GCC_WARN_UNINITIALIZED_AUTOS = YES;
				GCC_WARN_UNUSED_FUNCTION = YES;
				GCC_WARN_UNUSED_VARIABLE = YES;
				IPHONEOS_DEPLOYMENT_TARGET = 7.0;
				SDKROOT = iphoneos;
				TARGETED_DEVICE_FAMILY = 2;
				VALIDATE_PRODUCT = YES;
			};
			name = Release;
		};
		724AA82418A53D5800560649 /* Debug */ = {
			isa = XCBuildConfiguration;
			buildSettings = {
				ASSETCATALOG_COMPILER_APPICON_NAME = AppIcon;
				ASSETCATALOG_COMPILER_LAUNCHIMAGE_NAME = LaunchImage;
				CODE_SIGN_IDENTITY = "iPhone Developer";
				"CODE_SIGN_IDENTITY[sdk=iphoneos*]" = "iPhone Developer";
				GCC_PRECOMPILE_PREFIX_HEADER = YES;
				GCC_PREFIX_HEADER = "PulseDemoApp/Homestead Sales Associate App-Prefix.pch";
				INFOPLIST_FILE = "PulseDemoApp/Homestead Sales Associate App-Info.plist";
				PRODUCT_NAME = Homestead;
				PROVISIONING_PROFILE = "";
				WRAPPER_EXTENSION = app;
			};
			name = Debug;
		};
		724AA82518A53D5800560649 /* Release */ = {
			isa = XCBuildConfiguration;
			buildSettings = {
				ASSETCATALOG_COMPILER_APPICON_NAME = AppIcon;
				ASSETCATALOG_COMPILER_LAUNCHIMAGE_NAME = LaunchImage;
				CODE_SIGN_IDENTITY = "iPhone Developer";
				"CODE_SIGN_IDENTITY[sdk=iphoneos*]" = "iPhone Developer";
				GCC_PRECOMPILE_PREFIX_HEADER = YES;
				GCC_PREFIX_HEADER = "PulseDemoApp/Homestead Sales Associate App-Prefix.pch";
				INFOPLIST_FILE = "PulseDemoApp/Homestead Sales Associate App-Info.plist";
				PRODUCT_NAME = Homestead;
				PROVISIONING_PROFILE = "";
				WRAPPER_EXTENSION = app;
			};
			name = Release;
		};
		724AA82718A53D5800560649 /* Debug */ = {
			isa = XCBuildConfiguration;
			buildSettings = {
				ARCHS = "$(ARCHS_STANDARD_INCLUDING_64_BIT)";
				BUNDLE_LOADER = "$(BUILT_PRODUCTS_DIR)/PulseDemoApp.app/PulseDemoApp";
				FRAMEWORK_SEARCH_PATHS = (
					"$(SDKROOT)/Developer/Library/Frameworks",
					"$(inherited)",
					"$(DEVELOPER_FRAMEWORKS_DIR)",
				);
				GCC_PRECOMPILE_PREFIX_HEADER = YES;
				GCC_PREFIX_HEADER = "PulseDemoApp/PulseDemoApp-Prefix.pch";
				GCC_PREPROCESSOR_DEFINITIONS = (
					"DEBUG=1",
					"$(inherited)",
				);
				INFOPLIST_FILE = "PulseDemoAppTests/Homestead Sales Associate AppTests-Info.plist";
				PRODUCT_NAME = "Homestead Sales Associate AppTests";
				TEST_HOST = "$(BUNDLE_LOADER)";
				WRAPPER_EXTENSION = xctest;
			};
			name = Debug;
		};
		724AA82818A53D5800560649 /* Release */ = {
			isa = XCBuildConfiguration;
			buildSettings = {
				ARCHS = "$(ARCHS_STANDARD_INCLUDING_64_BIT)";
				BUNDLE_LOADER = "$(BUILT_PRODUCTS_DIR)/PulseDemoApp.app/PulseDemoApp";
				FRAMEWORK_SEARCH_PATHS = (
					"$(SDKROOT)/Developer/Library/Frameworks",
					"$(inherited)",
					"$(DEVELOPER_FRAMEWORKS_DIR)",
				);
				GCC_PRECOMPILE_PREFIX_HEADER = YES;
				GCC_PREFIX_HEADER = "PulseDemoApp/PulseDemoApp-Prefix.pch";
				INFOPLIST_FILE = "PulseDemoAppTests/Homestead Sales Associate AppTests-Info.plist";
				PRODUCT_NAME = "Homestead Sales Associate AppTests";
				TEST_HOST = "$(BUNDLE_LOADER)";
				WRAPPER_EXTENSION = xctest;
			};
			name = Release;
		};
/* End XCBuildConfiguration section */

/* Begin XCConfigurationList section */
		724AA7E918A53D5800560649 /* Build configuration list for PBXProject "Homestead Sales Associate App" */ = {
			isa = XCConfigurationList;
			buildConfigurations = (
				724AA82118A53D5800560649 /* Debug */,
				724AA82218A53D5800560649 /* Release */,
			);
			defaultConfigurationIsVisible = 0;
			defaultConfigurationName = Release;
		};
		724AA82318A53D5800560649 /* Build configuration list for PBXNativeTarget "Homestead Sales Associate App" */ = {
			isa = XCConfigurationList;
			buildConfigurations = (
				724AA82418A53D5800560649 /* Debug */,
				724AA82518A53D5800560649 /* Release */,
			);
			defaultConfigurationIsVisible = 0;
			defaultConfigurationName = Release;
		};
		724AA82618A53D5800560649 /* Build configuration list for PBXNativeTarget "Homestead Sales Associate AppTests" */ = {
			isa = XCConfigurationList;
			buildConfigurations = (
				724AA82718A53D5800560649 /* Debug */,
				724AA82818A53D5800560649 /* Release */,
			);
			defaultConfigurationIsVisible = 0;
			defaultConfigurationName = Release;
		};
/* End XCConfigurationList section */
	};
	rootObject = 724AA7E618A53D5800560649 /* Project object */;
}
