// !$*UTF8*$!
{
	archiveVersion = 1;
	classes = {
	};
	objectVersion = 46;
	objects = {

/* Begin PBXBuildFile section */
		724AA7F218A53D5800560649 /* Foundation.framework in Frameworks */ = {isa = PBXBuildFile; fileRef = 724AA7F118A53D5800560649 /* Foundation.framework */; };
		724AA7F418A53D5800560649 /* CoreGraphics.framework in Frameworks */ = {isa = PBXBuildFile; fileRef = 724AA7F318A53D5800560649 /* CoreGraphics.framework */; };
		724AA7F618A53D5800560649 /* UIKit.framework in Frameworks */ = {isa = PBXBuildFile; fileRef = 724AA7F518A53D5800560649 /* UIKit.framework */; };
		724AA7FC18A53D5800560649 /* InfoPlist.strings in Resources */ = {isa = PBXBuildFile; fileRef = 724AA7FA18A53D5800560649 /* InfoPlist.strings */; };
		724AA7FE18A53D5800560649 /* main.m in Sources */ = {isa = PBXBuildFile; fileRef = 724AA7FD18A53D5800560649 /* main.m */; };
		724AA80218A53D5800560649 /* AppDelegate.m in Sources */ = {isa = PBXBuildFile; fileRef = 724AA80118A53D5800560649 /* AppDelegate.m */; };
		724AA80518A53D5800560649 /* Main.storyboard in Resources */ = {isa = PBXBuildFile; fileRef = 724AA80318A53D5800560649 /* Main.storyboard */; };
		724AA80818A53D5800560649 /* MasterViewController.m in Sources */ = {isa = PBXBuildFile; fileRef = 724AA80718A53D5800560649 /* MasterViewController.m */; };
		724AA80B18A53D5800560649 /* DetailViewController.m in Sources */ = {isa = PBXBuildFile; fileRef = 724AA80A18A53D5800560649 /* DetailViewController.m */; };
		724AA80D18A53D5800560649 /* Images.xcassets in Resources */ = {isa = PBXBuildFile; fileRef = 724AA80C18A53D5800560649 /* Images.xcassets */; };
		724AA81418A53D5800560649 /* XCTest.framework in Frameworks */ = {isa = PBXBuildFile; fileRef = 724AA81318A53D5800560649 /* XCTest.framework */; };
		724AA81518A53D5800560649 /* Foundation.framework in Frameworks */ = {isa = PBXBuildFile; fileRef = 724AA7F118A53D5800560649 /* Foundation.framework */; };
		724AA81618A53D5800560649 /* UIKit.framework in Frameworks */ = {isa = PBXBuildFile; fileRef = 724AA7F518A53D5800560649 /* UIKit.framework */; };
		724AA81E18A53D5800560649 /* InfoPlist.strings in Resources */ = {isa = PBXBuildFile; fileRef = 724AA81C18A53D5800560649 /* InfoPlist.strings */; };
		724AA82018A53D5800560649 /* PulseDemoAppTests.m in Sources */ = {isa = PBXBuildFile; fileRef = 724AA81F18A53D5800560649 /* PulseDemoAppTests.m */; };
		724AA82C18A80E5500560649 /* hamburger_icon.png in Resources */ = {isa = PBXBuildFile; fileRef = 724AA82B18A80E5500560649 /* hamburger_icon.png */; };
		724AA83018A8454B00560649 /* NavigationObject.m in Sources */ = {isa = PBXBuildFile; fileRef = 724AA82F18A8454B00560649 /* NavigationObject.m */; };
		724AA83318A845FF00560649 /* InventoryItem.m in Sources */ = {isa = PBXBuildFile; fileRef = 724AA83218A845FF00560649 /* InventoryItem.m */; };
		724AA83F18A8822C00560649 /* InventoryViewCell.m in Sources */ = {isa = PBXBuildFile; fileRef = 724AA83E18A8822C00560649 /* InventoryViewCell.m */; };
		724AA85318A97D0100560649 /* DepartmentViewController.m in Sources */ = {isa = PBXBuildFile; fileRef = 724AA85218A97D0100560649 /* DepartmentViewController.m */; };
		724AA86518A97F3600560649 /* wsh005_0501.jpg in Resources */ = {isa = PBXBuildFile; fileRef = 724AA85518A97F3600560649 /* wsh005_0501.jpg */; };
		724AA86618A97F3600560649 /* wsh005_0502.jpg in Resources */ = {isa = PBXBuildFile; fileRef = 724AA85618A97F3600560649 /* wsh005_0502.jpg */; };
		724AA86718A97F3600560649 /* wsh005_0503.jpg in Resources */ = {isa = PBXBuildFile; fileRef = 724AA85718A97F3600560649 /* wsh005_0503.jpg */; };
		724AA86818A97F3600560649 /* wsh005_0509.jpg in Resources */ = {isa = PBXBuildFile; fileRef = 724AA85818A97F3600560649 /* wsh005_0509.jpg */; };
		724AA86918A97F3600560649 /* wsh005_0510.jpg in Resources */ = {isa = PBXBuildFile; fileRef = 724AA85918A97F3600560649 /* wsh005_0510.jpg */; };
		724AA86A18A97F3600560649 /* wsh005_0512.jpg in Resources */ = {isa = PBXBuildFile; fileRef = 724AA85A18A97F3600560649 /* wsh005_0512.jpg */; };
		724AA86B18A97F3600560649 /* wsh005_0514.jpg in Resources */ = {isa = PBXBuildFile; fileRef = 724AA85B18A97F3600560649 /* wsh005_0514.jpg */; };
		724AA86C18A97F3600560649 /* wsh005_0515.jpg in Resources */ = {isa = PBXBuildFile; fileRef = 724AA85C18A97F3600560649 /* wsh005_0515.jpg */; };
		724AA86D18A97F3600560649 /* wsh005_0518.jpg in Resources */ = {isa = PBXBuildFile; fileRef = 724AA85D18A97F3600560649 /* wsh005_0518.jpg */; };
		724AA86E18A97F3600560649 /* wsh005_0519.jpg in Resources */ = {isa = PBXBuildFile; fileRef = 724AA85E18A97F3600560649 /* wsh005_0519.jpg */; };
		724AA86F18A97F3600560649 /* wsh005_0524.jpg in Resources */ = {isa = PBXBuildFile; fileRef = 724AA85F18A97F3600560649 /* wsh005_0524.jpg */; };
		724AA87018A97F3600560649 /* wsh005_0525.jpg in Resources */ = {isa = PBXBuildFile; fileRef = 724AA86018A97F3600560649 /* wsh005_0525.jpg */; };
		724AA87118A97F3600560649 /* wsh005_0526.jpg in Resources */ = {isa = PBXBuildFile; fileRef = 724AA86118A97F3600560649 /* wsh005_0526.jpg */; };
		724AA87218A97F3600560649 /* wsh005_0527.jpg in Resources */ = {isa = PBXBuildFile; fileRef = 724AA86218A97F3600560649 /* wsh005_0527.jpg */; };
		724AA87318A97F3600560649 /* wsh005_0528.jpg in Resources */ = {isa = PBXBuildFile; fileRef = 724AA86318A97F3600560649 /* wsh005_0528.jpg */; };
		724AA87418A97F3600560649 /* wsh005_0533.jpg in Resources */ = {isa = PBXBuildFile; fileRef = 724AA86418A97F3600560649 /* wsh005_0533.jpg */; };
		724AA87718A984DE00560649 /* ProductCollectionViewCell.m in Sources */ = {isa = PBXBuildFile; fileRef = 724AA87618A984DE00560649 /* ProductCollectionViewCell.m */; };
		724AA87A18AA8ED900560649 /* MainSplitViewController.m in Sources */ = {isa = PBXBuildFile; fileRef = 724AA87918AA8ED900560649 /* MainSplitViewController.m */; };
		724AA88B18AABA6000560649 /* wcl004_0401.jpg in Resources */ = {isa = PBXBuildFile; fileRef = 724AA87B18AABA6000560649 /* wcl004_0401.jpg */; };
		724AA88C18AABA6000560649 /* wcl004_0402.jpg in Resources */ = {isa = PBXBuildFile; fileRef = 724AA87C18AABA6000560649 /* wcl004_0402.jpg */; };
		724AA88D18AABA6000560649 /* wcl004_0405.jpg in Resources */ = {isa = PBXBuildFile; fileRef = 724AA87D18AABA6000560649 /* wcl004_0405.jpg */; };
		724AA88E18AABA6000560649 /* wcl004_0406.jpg in Resources */ = {isa = PBXBuildFile; fileRef = 724AA87E18AABA6000560649 /* wcl004_0406.jpg */; };
		724AA88F18AABA6000560649 /* wcl004_0407.jpg in Resources */ = {isa = PBXBuildFile; fileRef = 724AA87F18AABA6000560649 /* wcl004_0407.jpg */; };
		724AA89018AABA6000560649 /* wcl004_0408.jpg in Resources */ = {isa = PBXBuildFile; fileRef = 724AA88018AABA6000560649 /* wcl004_0408.jpg */; };
		724AA89118AABA6000560649 /* wcl004_0410.jpg in Resources */ = {isa = PBXBuildFile; fileRef = 724AA88118AABA6000560649 /* wcl004_0410.jpg */; };
		724AA89218AABA6000560649 /* wcl004_0412.jpg in Resources */ = {isa = PBXBuildFile; fileRef = 724AA88218AABA6000560649 /* wcl004_0412.jpg */; };
		724AA89318AABA6000560649 /* wcl004_0413.jpg in Resources */ = {isa = PBXBuildFile; fileRef = 724AA88318AABA6000560649 /* wcl004_0413.jpg */; };
		724AA89418AABA6000560649 /* wcl004_0414.jpg in Resources */ = {isa = PBXBuildFile; fileRef = 724AA88418AABA6000560649 /* wcl004_0414.jpg */; };
		724AA89518AABA6000560649 /* wcl004_0415.jpg in Resources */ = {isa = PBXBuildFile; fileRef = 724AA88518AABA6000560649 /* wcl004_0415.jpg */; };
		724AA89618AABA6000560649 /* wcl004_0416.jpg in Resources */ = {isa = PBXBuildFile; fileRef = 724AA88618AABA6000560649 /* wcl004_0416.jpg */; };
		724AA89718AABA6000560649 /* wcl004_0417.jpg in Resources */ = {isa = PBXBuildFile; fileRef = 724AA88718AABA6000560649 /* wcl004_0417.jpg */; };
		724AA89818AABA6000560649 /* wcl004_0418.jpg in Resources */ = {isa = PBXBuildFile; fileRef = 724AA88818AABA6000560649 /* wcl004_0418.jpg */; };
		724AA89918AABA6000560649 /* wcl004_0419.jpg in Resources */ = {isa = PBXBuildFile; fileRef = 724AA88918AABA6000560649 /* wcl004_0419.jpg */; };
		724AA89A18AABA6000560649 /* wcl004_0420.jpg in Resources */ = {isa = PBXBuildFile; fileRef = 724AA88A18AABA6000560649 /* wcl004_0420.jpg */; };
		7280BCAC18AC75BB00648A1F /* CustomerInformationViewController.m in Sources */ = {isa = PBXBuildFile; fileRef = 7280BCAB18AC75BB00648A1F /* CustomerInformationViewController.m */; };
		7280BCAF18AC8F4E00648A1F /* MILTransitionDelegate.m in Sources */ = {isa = PBXBuildFile; fileRef = 7280BCAE18AC8F4E00648A1F /* MILTransitionDelegate.m */; };
		7280BCB218AC900F00648A1F /* MILTransitionController.m in Sources */ = {isa = PBXBuildFile; fileRef = 7280BCB118AC900F00648A1F /* MILTransitionController.m */; };
		7280BCB918AD2EC500648A1F /* CustomerObject.m in Sources */ = {isa = PBXBuildFile; fileRef = 7280BCB818AD2EC500648A1F /* CustomerObject.m */; };
		745428A418AAC59000E2398E /* MCRotatingCarousel.m in Sources */ = {isa = PBXBuildFile; fileRef = 745428A318AAC59000E2398E /* MCRotatingCarousel.m */; };
		745428A718AAC71900E2398E /* ProductDetailViewController.m in Sources */ = {isa = PBXBuildFile; fileRef = 745428A618AAC71900E2398E /* ProductDetailViewController.m */; };
		747F97D618ABE09000554F55 /* inventory_bg.png in Resources */ = {isa = PBXBuildFile; fileRef = 747F97D518ABE09000554F55 /* inventory_bg.png */; };
		747F97E218AC169E00554F55 /* jeans1.png in Resources */ = {isa = PBXBuildFile; fileRef = 747F97D818AC169E00554F55 /* jeans1.png */; };
		747F97E318AC169E00554F55 /* jeans10.png in Resources */ = {isa = PBXBuildFile; fileRef = 747F97D918AC169E00554F55 /* jeans10.png */; };
		747F97E418AC169E00554F55 /* jeans2.png in Resources */ = {isa = PBXBuildFile; fileRef = 747F97DA18AC169E00554F55 /* jeans2.png */; };
		747F97E518AC169E00554F55 /* jeans3.png in Resources */ = {isa = PBXBuildFile; fileRef = 747F97DB18AC169E00554F55 /* jeans3.png */; };
		747F97E618AC169E00554F55 /* jeans4.png in Resources */ = {isa = PBXBuildFile; fileRef = 747F97DC18AC169E00554F55 /* jeans4.png */; };
		747F97E718AC169E00554F55 /* jeans5.png in Resources */ = {isa = PBXBuildFile; fileRef = 747F97DD18AC169E00554F55 /* jeans5.png */; };
		747F97E818AC169E00554F55 /* jeans6.png in Resources */ = {isa = PBXBuildFile; fileRef = 747F97DE18AC169E00554F55 /* jeans6.png */; };
		747F97E918AC169E00554F55 /* jeans7.png in Resources */ = {isa = PBXBuildFile; fileRef = 747F97DF18AC169E00554F55 /* jeans7.png */; };
		747F97EA18AC169E00554F55 /* jeans8.png in Resources */ = {isa = PBXBuildFile; fileRef = 747F97E018AC169E00554F55 /* jeans8.png */; };
		747F97EB18AC169E00554F55 /* jeans9.png in Resources */ = {isa = PBXBuildFile; fileRef = 747F97E118AC169E00554F55 /* jeans9.png */; };
		747F97EF18AC2DF700554F55 /* subnav.png in Resources */ = {isa = PBXBuildFile; fileRef = 747F97EE18AC2DF700554F55 /* subnav.png */; };
		747F97F118AC2F6300554F55 /* carrot.png in Resources */ = {isa = PBXBuildFile; fileRef = 747F97F018AC2F6300554F55 /* carrot.png */; };
/* End PBXBuildFile section */

/* Begin PBXContainerItemProxy section */
		724AA81718A53D5800560649 /* PBXContainerItemProxy */ = {
			isa = PBXContainerItemProxy;
			containerPortal = 724AA7E618A53D5800560649 /* Project object */;
			proxyType = 1;
			remoteGlobalIDString = 724AA7ED18A53D5800560649;
			remoteInfo = PulseDemoApp;
		};
/* End PBXContainerItemProxy section */

/* Begin PBXFileReference section */
		724AA7EE18A53D5800560649 /* Metropolitan.app */ = {isa = PBXFileReference; explicitFileType = wrapper.application; includeInIndex = 0; path = Metropolitan.app; sourceTree = BUILT_PRODUCTS_DIR; };
		724AA7F118A53D5800560649 /* Foundation.framework */ = {isa = PBXFileReference; lastKnownFileType = wrapper.framework; name = Foundation.framework; path = System/Library/Frameworks/Foundation.framework; sourceTree = SDKROOT; };
		724AA7F318A53D5800560649 /* CoreGraphics.framework */ = {isa = PBXFileReference; lastKnownFileType = wrapper.framework; name = CoreGraphics.framework; path = System/Library/Frameworks/CoreGraphics.framework; sourceTree = SDKROOT; };
		724AA7F518A53D5800560649 /* UIKit.framework */ = {isa = PBXFileReference; lastKnownFileType = wrapper.framework; name = UIKit.framework; path = System/Library/Frameworks/UIKit.framework; sourceTree = SDKROOT; };
		724AA7F918A53D5800560649 /* PulseDemoApp-Info.plist */ = {isa = PBXFileReference; lastKnownFileType = text.plist.xml; path = "PulseDemoApp-Info.plist"; sourceTree = "<group>"; };
		724AA7FB18A53D5800560649 /* en */ = {isa = PBXFileReference; lastKnownFileType = text.plist.strings; name = en; path = en.lproj/InfoPlist.strings; sourceTree = "<group>"; };
		724AA7FD18A53D5800560649 /* main.m */ = {isa = PBXFileReference; lastKnownFileType = sourcecode.c.objc; path = main.m; sourceTree = "<group>"; };
		724AA7FF18A53D5800560649 /* PulseDemoApp-Prefix.pch */ = {isa = PBXFileReference; lastKnownFileType = sourcecode.c.h; path = "PulseDemoApp-Prefix.pch"; sourceTree = "<group>"; };
		724AA80018A53D5800560649 /* AppDelegate.h */ = {isa = PBXFileReference; lastKnownFileType = sourcecode.c.h; path = AppDelegate.h; sourceTree = "<group>"; };
		724AA80118A53D5800560649 /* AppDelegate.m */ = {isa = PBXFileReference; lastKnownFileType = sourcecode.c.objc; path = AppDelegate.m; sourceTree = "<group>"; };
		724AA80418A53D5800560649 /* Base */ = {isa = PBXFileReference; lastKnownFileType = file.storyboard; name = Base; path = Base.lproj/Main.storyboard; sourceTree = "<group>"; };
		724AA80618A53D5800560649 /* MasterViewController.h */ = {isa = PBXFileReference; lastKnownFileType = sourcecode.c.h; path = MasterViewController.h; sourceTree = "<group>"; };
		724AA80718A53D5800560649 /* MasterViewController.m */ = {isa = PBXFileReference; lastKnownFileType = sourcecode.c.objc; path = MasterViewController.m; sourceTree = "<group>"; };
		724AA80918A53D5800560649 /* DetailViewController.h */ = {isa = PBXFileReference; lastKnownFileType = sourcecode.c.h; path = DetailViewController.h; sourceTree = "<group>"; };
		724AA80A18A53D5800560649 /* DetailViewController.m */ = {isa = PBXFileReference; lastKnownFileType = sourcecode.c.objc; path = DetailViewController.m; sourceTree = "<group>"; };
		724AA80C18A53D5800560649 /* Images.xcassets */ = {isa = PBXFileReference; lastKnownFileType = folder.assetcatalog; path = Images.xcassets; sourceTree = "<group>"; };
		724AA81218A53D5800560649 /* PulseDemoAppTests.xctest */ = {isa = PBXFileReference; explicitFileType = wrapper.cfbundle; includeInIndex = 0; path = PulseDemoAppTests.xctest; sourceTree = BUILT_PRODUCTS_DIR; };
		724AA81318A53D5800560649 /* XCTest.framework */ = {isa = PBXFileReference; lastKnownFileType = wrapper.framework; name = XCTest.framework; path = Library/Frameworks/XCTest.framework; sourceTree = DEVELOPER_DIR; };
		724AA81B18A53D5800560649 /* PulseDemoAppTests-Info.plist */ = {isa = PBXFileReference; lastKnownFileType = text.plist.xml; path = "PulseDemoAppTests-Info.plist"; sourceTree = "<group>"; };
		724AA81D18A53D5800560649 /* en */ = {isa = PBXFileReference; lastKnownFileType = text.plist.strings; name = en; path = en.lproj/InfoPlist.strings; sourceTree = "<group>"; };
		724AA81F18A53D5800560649 /* PulseDemoAppTests.m */ = {isa = PBXFileReference; lastKnownFileType = sourcecode.c.objc; path = PulseDemoAppTests.m; sourceTree = "<group>"; };
		724AA82B18A80E5500560649 /* hamburger_icon.png */ = {isa = PBXFileReference; lastKnownFileType = image.png; name = hamburger_icon.png; path = PulseDemoApp/hamburger_icon.png; sourceTree = SOURCE_ROOT; };
		724AA82E18A8454B00560649 /* NavigationObject.h */ = {isa = PBXFileReference; fileEncoding = 4; lastKnownFileType = sourcecode.c.h; path = NavigationObject.h; sourceTree = "<group>"; };
		724AA82F18A8454B00560649 /* NavigationObject.m */ = {isa = PBXFileReference; fileEncoding = 4; lastKnownFileType = sourcecode.c.objc; path = NavigationObject.m; sourceTree = "<group>"; };
		724AA83118A845FF00560649 /* InventoryItem.h */ = {isa = PBXFileReference; fileEncoding = 4; lastKnownFileType = sourcecode.c.h; path = InventoryItem.h; sourceTree = "<group>"; };
		724AA83218A845FF00560649 /* InventoryItem.m */ = {isa = PBXFileReference; fileEncoding = 4; lastKnownFileType = sourcecode.c.objc; path = InventoryItem.m; sourceTree = "<group>"; };
		724AA83D18A8822C00560649 /* InventoryViewCell.h */ = {isa = PBXFileReference; fileEncoding = 4; lastKnownFileType = sourcecode.c.h; path = InventoryViewCell.h; sourceTree = "<group>"; };
		724AA83E18A8822C00560649 /* InventoryViewCell.m */ = {isa = PBXFileReference; fileEncoding = 4; lastKnownFileType = sourcecode.c.objc; path = InventoryViewCell.m; sourceTree = "<group>"; };
		724AA85118A97D0100560649 /* DepartmentViewController.h */ = {isa = PBXFileReference; fileEncoding = 4; lastKnownFileType = sourcecode.c.h; path = DepartmentViewController.h; sourceTree = "<group>"; };
		724AA85218A97D0100560649 /* DepartmentViewController.m */ = {isa = PBXFileReference; fileEncoding = 4; lastKnownFileType = sourcecode.c.objc; path = DepartmentViewController.m; sourceTree = "<group>"; };
		724AA85518A97F3600560649 /* wsh005_0501.jpg */ = {isa = PBXFileReference; lastKnownFileType = image.jpeg; path = wsh005_0501.jpg; sourceTree = "<group>"; };
		724AA85618A97F3600560649 /* wsh005_0502.jpg */ = {isa = PBXFileReference; lastKnownFileType = image.jpeg; path = wsh005_0502.jpg; sourceTree = "<group>"; };
		724AA85718A97F3600560649 /* wsh005_0503.jpg */ = {isa = PBXFileReference; lastKnownFileType = image.jpeg; path = wsh005_0503.jpg; sourceTree = "<group>"; };
		724AA85818A97F3600560649 /* wsh005_0509.jpg */ = {isa = PBXFileReference; lastKnownFileType = image.jpeg; path = wsh005_0509.jpg; sourceTree = "<group>"; };
		724AA85918A97F3600560649 /* wsh005_0510.jpg */ = {isa = PBXFileReference; lastKnownFileType = image.jpeg; path = wsh005_0510.jpg; sourceTree = "<group>"; };
		724AA85A18A97F3600560649 /* wsh005_0512.jpg */ = {isa = PBXFileReference; lastKnownFileType = image.jpeg; path = wsh005_0512.jpg; sourceTree = "<group>"; };
		724AA85B18A97F3600560649 /* wsh005_0514.jpg */ = {isa = PBXFileReference; lastKnownFileType = image.jpeg; path = wsh005_0514.jpg; sourceTree = "<group>"; };
		724AA85C18A97F3600560649 /* wsh005_0515.jpg */ = {isa = PBXFileReference; lastKnownFileType = image.jpeg; path = wsh005_0515.jpg; sourceTree = "<group>"; };
		724AA85D18A97F3600560649 /* wsh005_0518.jpg */ = {isa = PBXFileReference; lastKnownFileType = image.jpeg; path = wsh005_0518.jpg; sourceTree = "<group>"; };
		724AA85E18A97F3600560649 /* wsh005_0519.jpg */ = {isa = PBXFileReference; lastKnownFileType = image.jpeg; path = wsh005_0519.jpg; sourceTree = "<group>"; };
		724AA85F18A97F3600560649 /* wsh005_0524.jpg */ = {isa = PBXFileReference; lastKnownFileType = image.jpeg; path = wsh005_0524.jpg; sourceTree = "<group>"; };
		724AA86018A97F3600560649 /* wsh005_0525.jpg */ = {isa = PBXFileReference; lastKnownFileType = image.jpeg; path = wsh005_0525.jpg; sourceTree = "<group>"; };
		724AA86118A97F3600560649 /* wsh005_0526.jpg */ = {isa = PBXFileReference; lastKnownFileType = image.jpeg; path = wsh005_0526.jpg; sourceTree = "<group>"; };
		724AA86218A97F3600560649 /* wsh005_0527.jpg */ = {isa = PBXFileReference; lastKnownFileType = image.jpeg; path = wsh005_0527.jpg; sourceTree = "<group>"; };
		724AA86318A97F3600560649 /* wsh005_0528.jpg */ = {isa = PBXFileReference; lastKnownFileType = image.jpeg; path = wsh005_0528.jpg; sourceTree = "<group>"; };
		724AA86418A97F3600560649 /* wsh005_0533.jpg */ = {isa = PBXFileReference; lastKnownFileType = image.jpeg; path = wsh005_0533.jpg; sourceTree = "<group>"; };
		724AA87518A984DE00560649 /* ProductCollectionViewCell.h */ = {isa = PBXFileReference; fileEncoding = 4; lastKnownFileType = sourcecode.c.h; path = ProductCollectionViewCell.h; sourceTree = "<group>"; };
		724AA87618A984DE00560649 /* ProductCollectionViewCell.m */ = {isa = PBXFileReference; fileEncoding = 4; lastKnownFileType = sourcecode.c.objc; path = ProductCollectionViewCell.m; sourceTree = "<group>"; };
		724AA87818AA8ED900560649 /* MainSplitViewController.h */ = {isa = PBXFileReference; fileEncoding = 4; lastKnownFileType = sourcecode.c.h; path = MainSplitViewController.h; sourceTree = "<group>"; };
		724AA87918AA8ED900560649 /* MainSplitViewController.m */ = {isa = PBXFileReference; fileEncoding = 4; lastKnownFileType = sourcecode.c.objc; path = MainSplitViewController.m; sourceTree = "<group>"; };
		724AA87B18AABA6000560649 /* wcl004_0401.jpg */ = {isa = PBXFileReference; lastKnownFileType = image.jpeg; path = wcl004_0401.jpg; sourceTree = "<group>"; };
		724AA87C18AABA6000560649 /* wcl004_0402.jpg */ = {isa = PBXFileReference; lastKnownFileType = image.jpeg; path = wcl004_0402.jpg; sourceTree = "<group>"; };
		724AA87D18AABA6000560649 /* wcl004_0405.jpg */ = {isa = PBXFileReference; lastKnownFileType = image.jpeg; path = wcl004_0405.jpg; sourceTree = "<group>"; };
		724AA87E18AABA6000560649 /* wcl004_0406.jpg */ = {isa = PBXFileReference; lastKnownFileType = image.jpeg; path = wcl004_0406.jpg; sourceTree = "<group>"; };
		724AA87F18AABA6000560649 /* wcl004_0407.jpg */ = {isa = PBXFileReference; lastKnownFileType = image.jpeg; path = wcl004_0407.jpg; sourceTree = "<group>"; };
		724AA88018AABA6000560649 /* wcl004_0408.jpg */ = {isa = PBXFileReference; lastKnownFileType = image.jpeg; path = wcl004_0408.jpg; sourceTree = "<group>"; };
		724AA88118AABA6000560649 /* wcl004_0410.jpg */ = {isa = PBXFileReference; lastKnownFileType = image.jpeg; path = wcl004_0410.jpg; sourceTree = "<group>"; };
		724AA88218AABA6000560649 /* wcl004_0412.jpg */ = {isa = PBXFileReference; lastKnownFileType = image.jpeg; path = wcl004_0412.jpg; sourceTree = "<group>"; };
		724AA88318AABA6000560649 /* wcl004_0413.jpg */ = {isa = PBXFileReference; lastKnownFileType = image.jpeg; path = wcl004_0413.jpg; sourceTree = "<group>"; };
		724AA88418AABA6000560649 /* wcl004_0414.jpg */ = {isa = PBXFileReference; lastKnownFileType = image.jpeg; path = wcl004_0414.jpg; sourceTree = "<group>"; };
		724AA88518AABA6000560649 /* wcl004_0415.jpg */ = {isa = PBXFileReference; lastKnownFileType = image.jpeg; path = wcl004_0415.jpg; sourceTree = "<group>"; };
		724AA88618AABA6000560649 /* wcl004_0416.jpg */ = {isa = PBXFileReference; lastKnownFileType = image.jpeg; path = wcl004_0416.jpg; sourceTree = "<group>"; };
		724AA88718AABA6000560649 /* wcl004_0417.jpg */ = {isa = PBXFileReference; lastKnownFileType = image.jpeg; path = wcl004_0417.jpg; sourceTree = "<group>"; };
		724AA88818AABA6000560649 /* wcl004_0418.jpg */ = {isa = PBXFileReference; lastKnownFileType = image.jpeg; path = wcl004_0418.jpg; sourceTree = "<group>"; };
		724AA88918AABA6000560649 /* wcl004_0419.jpg */ = {isa = PBXFileReference; lastKnownFileType = image.jpeg; path = wcl004_0419.jpg; sourceTree = "<group>"; };
		724AA88A18AABA6000560649 /* wcl004_0420.jpg */ = {isa = PBXFileReference; lastKnownFileType = image.jpeg; path = wcl004_0420.jpg; sourceTree = "<group>"; };
		7280BCAA18AC75BB00648A1F /* CustomerInformationViewController.h */ = {isa = PBXFileReference; fileEncoding = 4; lastKnownFileType = sourcecode.c.h; path = CustomerInformationViewController.h; sourceTree = "<group>"; };
		7280BCAB18AC75BB00648A1F /* CustomerInformationViewController.m */ = {isa = PBXFileReference; fileEncoding = 4; lastKnownFileType = sourcecode.c.objc; path = CustomerInformationViewController.m; sourceTree = "<group>"; };
		7280BCAD18AC8F4E00648A1F /* MILTransitionDelegate.h */ = {isa = PBXFileReference; fileEncoding = 4; lastKnownFileType = sourcecode.c.h; path = MILTransitionDelegate.h; sourceTree = "<group>"; };
		7280BCAE18AC8F4E00648A1F /* MILTransitionDelegate.m */ = {isa = PBXFileReference; fileEncoding = 4; lastKnownFileType = sourcecode.c.objc; path = MILTransitionDelegate.m; sourceTree = "<group>"; };
		7280BCB018AC900F00648A1F /* MILTransitionController.h */ = {isa = PBXFileReference; fileEncoding = 4; lastKnownFileType = sourcecode.c.h; name = MILTransitionController.h; path = ../MILTransitionController.h; sourceTree = "<group>"; };
		7280BCB118AC900F00648A1F /* MILTransitionController.m */ = {isa = PBXFileReference; fileEncoding = 4; lastKnownFileType = sourcecode.c.objc; name = MILTransitionController.m; path = ../MILTransitionController.m; sourceTree = "<group>"; };
		7280BCB718AD2EC500648A1F /* CustomerObject.h */ = {isa = PBXFileReference; fileEncoding = 4; lastKnownFileType = sourcecode.c.h; path = CustomerObject.h; sourceTree = "<group>"; };
		7280BCB818AD2EC500648A1F /* CustomerObject.m */ = {isa = PBXFileReference; fileEncoding = 4; lastKnownFileType = sourcecode.c.objc; path = CustomerObject.m; sourceTree = "<group>"; };
		745428A218AAC59000E2398E /* MCRotatingCarousel.h */ = {isa = PBXFileReference; fileEncoding = 4; lastKnownFileType = sourcecode.c.h; path = MCRotatingCarousel.h; sourceTree = "<group>"; };
		745428A318AAC59000E2398E /* MCRotatingCarousel.m */ = {isa = PBXFileReference; fileEncoding = 4; lastKnownFileType = sourcecode.c.objc; path = MCRotatingCarousel.m; sourceTree = "<group>"; };
		745428A518AAC71900E2398E /* ProductDetailViewController.h */ = {isa = PBXFileReference; fileEncoding = 4; lastKnownFileType = sourcecode.c.h; name = ProductDetailViewController.h; path = ../ProductDetailViewController.h; sourceTree = "<group>"; };
		745428A618AAC71900E2398E /* ProductDetailViewController.m */ = {isa = PBXFileReference; fileEncoding = 4; lastKnownFileType = sourcecode.c.objc; name = ProductDetailViewController.m; path = ../ProductDetailViewController.m; sourceTree = "<group>"; };
		747F97D518ABE09000554F55 /* inventory_bg.png */ = {isa = PBXFileReference; lastKnownFileType = image.png; path = inventory_bg.png; sourceTree = "<group>"; };
		747F97D818AC169E00554F55 /* jeans1.png */ = {isa = PBXFileReference; lastKnownFileType = image.png; path = jeans1.png; sourceTree = "<group>"; };
		747F97D918AC169E00554F55 /* jeans10.png */ = {isa = PBXFileReference; lastKnownFileType = image.png; path = jeans10.png; sourceTree = "<group>"; };
		747F97DA18AC169E00554F55 /* jeans2.png */ = {isa = PBXFileReference; lastKnownFileType = image.png; path = jeans2.png; sourceTree = "<group>"; };
		747F97DB18AC169E00554F55 /* jeans3.png */ = {isa = PBXFileReference; lastKnownFileType = image.png; path = jeans3.png; sourceTree = "<group>"; };
		747F97DC18AC169E00554F55 /* jeans4.png */ = {isa = PBXFileReference; lastKnownFileType = image.png; path = jeans4.png; sourceTree = "<group>"; };
		747F97DD18AC169E00554F55 /* jeans5.png */ = {isa = PBXFileReference; lastKnownFileType = image.png; path = jeans5.png; sourceTree = "<group>"; };
		747F97DE18AC169E00554F55 /* jeans6.png */ = {isa = PBXFileReference; lastKnownFileType = image.png; path = jeans6.png; sourceTree = "<group>"; };
		747F97DF18AC169E00554F55 /* jeans7.png */ = {isa = PBXFileReference; lastKnownFileType = image.png; path = jeans7.png; sourceTree = "<group>"; };
		747F97E018AC169E00554F55 /* jeans8.png */ = {isa = PBXFileReference; lastKnownFileType = image.png; path = jeans8.png; sourceTree = "<group>"; };
		747F97E118AC169E00554F55 /* jeans9.png */ = {isa = PBXFileReference; lastKnownFileType = image.png; path = jeans9.png; sourceTree = "<group>"; };
		747F97EE18AC2DF700554F55 /* subnav.png */ = {isa = PBXFileReference; lastKnownFileType = image.png; path = subnav.png; sourceTree = "<group>"; };
		747F97F018AC2F6300554F55 /* carrot.png */ = {isa = PBXFileReference; lastKnownFileType = image.png; path = carrot.png; sourceTree = "<group>"; };
/* End PBXFileReference section */

/* Begin PBXFrameworksBuildPhase section */
		724AA7EB18A53D5800560649 /* Frameworks */ = {
			isa = PBXFrameworksBuildPhase;
			buildActionMask = 2147483647;
			files = (
				724AA7F418A53D5800560649 /* CoreGraphics.framework in Frameworks */,
				724AA7F618A53D5800560649 /* UIKit.framework in Frameworks */,
				724AA7F218A53D5800560649 /* Foundation.framework in Frameworks */,
			);
			runOnlyForDeploymentPostprocessing = 0;
		};
		724AA80F18A53D5800560649 /* Frameworks */ = {
			isa = PBXFrameworksBuildPhase;
			buildActionMask = 2147483647;
			files = (
				724AA81418A53D5800560649 /* XCTest.framework in Frameworks */,
				724AA81618A53D5800560649 /* UIKit.framework in Frameworks */,
				724AA81518A53D5800560649 /* Foundation.framework in Frameworks */,
			);
			runOnlyForDeploymentPostprocessing = 0;
		};
/* End PBXFrameworksBuildPhase section */

/* Begin PBXGroup section */
		724AA7E518A53D5800560649 = {
			isa = PBXGroup;
			children = (
				724AA7F718A53D5800560649 /* PulseDemoApp */,
				724AA81918A53D5800560649 /* PulseDemoAppTests */,
				724AA7F018A53D5800560649 /* Frameworks */,
				724AA7EF18A53D5800560649 /* Products */,
			);
			sourceTree = "<group>";
		};
		724AA7EF18A53D5800560649 /* Products */ = {
			isa = PBXGroup;
			children = (
				724AA7EE18A53D5800560649 /* Metropolitan.app */,
				724AA81218A53D5800560649 /* PulseDemoAppTests.xctest */,
			);
			name = Products;
			sourceTree = "<group>";
		};
		724AA7F018A53D5800560649 /* Frameworks */ = {
			isa = PBXGroup;
			children = (
				724AA7F118A53D5800560649 /* Foundation.framework */,
				724AA7F318A53D5800560649 /* CoreGraphics.framework */,
				724AA7F518A53D5800560649 /* UIKit.framework */,
				724AA81318A53D5800560649 /* XCTest.framework */,
			);
			name = Frameworks;
			sourceTree = "<group>";
		};
		724AA7F718A53D5800560649 /* PulseDemoApp */ = {
			isa = PBXGroup;
			children = (
				7280BCB618AC944F00648A1F /* Components */,
				7280BCB518AC943100648A1F /* Data Objects */,
				7280BCB418AC940800648A1F /* Animations */,
				747F97D718AC169E00554F55 /* inventoryJeans */,
				724AA85418A97F2B00560649 /* store_photos */,
				724AA80018A53D5800560649 /* AppDelegate.h */,
				724AA80118A53D5800560649 /* AppDelegate.m */,
				724AA80618A53D5800560649 /* MasterViewController.h */,
				724AA80718A53D5800560649 /* MasterViewController.m */,
				724AA80918A53D5800560649 /* DetailViewController.h */,
				724AA80A18A53D5800560649 /* DetailViewController.m */,
				724AA87818AA8ED900560649 /* MainSplitViewController.h */,
				724AA87918AA8ED900560649 /* MainSplitViewController.m */,
				724AA85118A97D0100560649 /* DepartmentViewController.h */,
				724AA85218A97D0100560649 /* DepartmentViewController.m */,
				745428A518AAC71900E2398E /* ProductDetailViewController.h */,
				745428A618AAC71900E2398E /* ProductDetailViewController.m */,
				7280BCAA18AC75BB00648A1F /* CustomerInformationViewController.h */,
				7280BCAB18AC75BB00648A1F /* CustomerInformationViewController.m */,
				724AA80C18A53D5800560649 /* Images.xcassets */,
				724AA80318A53D5800560649 /* Main.storyboard */,
				724AA7F818A53D5800560649 /* Supporting Files */,
			);
			path = PulseDemoApp;
			sourceTree = "<group>";
		};
		724AA7F818A53D5800560649 /* Supporting Files */ = {
			isa = PBXGroup;
			children = (
				724AA82D18A80E6000560649 /* images */,
				724AA7F918A53D5800560649 /* PulseDemoApp-Info.plist */,
				724AA7FA18A53D5800560649 /* InfoPlist.strings */,
				724AA7FD18A53D5800560649 /* main.m */,
				724AA7FF18A53D5800560649 /* PulseDemoApp-Prefix.pch */,
			);
			name = "Supporting Files";
			sourceTree = "<group>";
		};
		724AA81918A53D5800560649 /* PulseDemoAppTests */ = {
			isa = PBXGroup;
			children = (
				724AA81F18A53D5800560649 /* PulseDemoAppTests.m */,
				724AA81A18A53D5800560649 /* Supporting Files */,
			);
			path = PulseDemoAppTests;
			sourceTree = "<group>";
		};
		724AA81A18A53D5800560649 /* Supporting Files */ = {
			isa = PBXGroup;
			children = (
				724AA81B18A53D5800560649 /* PulseDemoAppTests-Info.plist */,
				724AA81C18A53D5800560649 /* InfoPlist.strings */,
			);
			name = "Supporting Files";
			sourceTree = "<group>";
		};
		724AA82D18A80E6000560649 /* images */ = {
			isa = PBXGroup;
			children = (
				747F97F018AC2F6300554F55 /* carrot.png */,
				747F97EE18AC2DF700554F55 /* subnav.png */,
				747F97D518ABE09000554F55 /* inventory_bg.png */,
				724AA82B18A80E5500560649 /* hamburger_icon.png */,
			);
			name = images;
			sourceTree = "<group>";
		};
		724AA85418A97F2B00560649 /* store_photos */ = {
			isa = PBXGroup;
			children = (
				724AA87B18AABA6000560649 /* wcl004_0401.jpg */,
				724AA87C18AABA6000560649 /* wcl004_0402.jpg */,
				724AA87D18AABA6000560649 /* wcl004_0405.jpg */,
				724AA87E18AABA6000560649 /* wcl004_0406.jpg */,
				724AA87F18AABA6000560649 /* wcl004_0407.jpg */,
				724AA88018AABA6000560649 /* wcl004_0408.jpg */,
				724AA88118AABA6000560649 /* wcl004_0410.jpg */,
				724AA88218AABA6000560649 /* wcl004_0412.jpg */,
				724AA88318AABA6000560649 /* wcl004_0413.jpg */,
				724AA88418AABA6000560649 /* wcl004_0414.jpg */,
				724AA88518AABA6000560649 /* wcl004_0415.jpg */,
				724AA88618AABA6000560649 /* wcl004_0416.jpg */,
				724AA88718AABA6000560649 /* wcl004_0417.jpg */,
				724AA88818AABA6000560649 /* wcl004_0418.jpg */,
				724AA88918AABA6000560649 /* wcl004_0419.jpg */,
				724AA88A18AABA6000560649 /* wcl004_0420.jpg */,
				724AA85518A97F3600560649 /* wsh005_0501.jpg */,
				724AA85618A97F3600560649 /* wsh005_0502.jpg */,
				724AA85718A97F3600560649 /* wsh005_0503.jpg */,
				724AA85818A97F3600560649 /* wsh005_0509.jpg */,
				724AA85918A97F3600560649 /* wsh005_0510.jpg */,
				724AA85A18A97F3600560649 /* wsh005_0512.jpg */,
				724AA85B18A97F3600560649 /* wsh005_0514.jpg */,
				724AA85C18A97F3600560649 /* wsh005_0515.jpg */,
				724AA85D18A97F3600560649 /* wsh005_0518.jpg */,
				724AA85E18A97F3600560649 /* wsh005_0519.jpg */,
				724AA85F18A97F3600560649 /* wsh005_0524.jpg */,
				724AA86018A97F3600560649 /* wsh005_0525.jpg */,
				724AA86118A97F3600560649 /* wsh005_0526.jpg */,
				724AA86218A97F3600560649 /* wsh005_0527.jpg */,
				724AA86318A97F3600560649 /* wsh005_0528.jpg */,
				724AA86418A97F3600560649 /* wsh005_0533.jpg */,
			);
			name = store_photos;
			sourceTree = "<group>";
		};
		7280BCB418AC940800648A1F /* Animations */ = {
			isa = PBXGroup;
			children = (
				7280BCAD18AC8F4E00648A1F /* MILTransitionDelegate.h */,
				7280BCAE18AC8F4E00648A1F /* MILTransitionDelegate.m */,
				7280BCB018AC900F00648A1F /* MILTransitionController.h */,
				7280BCB118AC900F00648A1F /* MILTransitionController.m */,
			);
			name = Animations;
			sourceTree = "<group>";
		};
		7280BCB518AC943100648A1F /* Data Objects */ = {
			isa = PBXGroup;
			children = (
				724AA83118A845FF00560649 /* InventoryItem.h */,
				724AA83218A845FF00560649 /* InventoryItem.m */,
				724AA82E18A8454B00560649 /* NavigationObject.h */,
				724AA82F18A8454B00560649 /* NavigationObject.m */,
				7280BCB718AD2EC500648A1F /* CustomerObject.h */,
				7280BCB818AD2EC500648A1F /* CustomerObject.m */,
			);
			name = "Data Objects";
			sourceTree = "<group>";
		};
		7280BCB618AC944F00648A1F /* Components */ = {
			isa = PBXGroup;
			children = (
				724AA83D18A8822C00560649 /* InventoryViewCell.h */,
				724AA83E18A8822C00560649 /* InventoryViewCell.m */,
				724AA87518A984DE00560649 /* ProductCollectionViewCell.h */,
				724AA87618A984DE00560649 /* ProductCollectionViewCell.m */,
				745428A218AAC59000E2398E /* MCRotatingCarousel.h */,
				745428A318AAC59000E2398E /* MCRotatingCarousel.m */,
			);
			name = Components;
			sourceTree = "<group>";
		};
		747F97D718AC169E00554F55 /* inventoryJeans */ = {
			isa = PBXGroup;
			children = (
				747F97D818AC169E00554F55 /* jeans1.png */,
				747F97D918AC169E00554F55 /* jeans10.png */,
				747F97DA18AC169E00554F55 /* jeans2.png */,
				747F97DB18AC169E00554F55 /* jeans3.png */,
				747F97DC18AC169E00554F55 /* jeans4.png */,
				747F97DD18AC169E00554F55 /* jeans5.png */,
				747F97DE18AC169E00554F55 /* jeans6.png */,
				747F97DF18AC169E00554F55 /* jeans7.png */,
				747F97E018AC169E00554F55 /* jeans8.png */,
				747F97E118AC169E00554F55 /* jeans9.png */,
			);
			path = inventoryJeans;
			sourceTree = "<group>";
		};
/* End PBXGroup section */

/* Begin PBXNativeTarget section */
		724AA7ED18A53D5800560649 /* PulseDemoApp */ = {
			isa = PBXNativeTarget;
			buildConfigurationList = 724AA82318A53D5800560649 /* Build configuration list for PBXNativeTarget "PulseDemoApp" */;
			buildPhases = (
				724AA7EA18A53D5800560649 /* Sources */,
				724AA7EB18A53D5800560649 /* Frameworks */,
				724AA7EC18A53D5800560649 /* Resources */,
			);
			buildRules = (
			);
			dependencies = (
			);
			name = PulseDemoApp;
			productName = PulseDemoApp;
			productReference = 724AA7EE18A53D5800560649 /* Metropolitan.app */;
			productType = "com.apple.product-type.application";
		};
		724AA81118A53D5800560649 /* PulseDemoAppTests */ = {
			isa = PBXNativeTarget;
			buildConfigurationList = 724AA82618A53D5800560649 /* Build configuration list for PBXNativeTarget "PulseDemoAppTests" */;
			buildPhases = (
				724AA80E18A53D5800560649 /* Sources */,
				724AA80F18A53D5800560649 /* Frameworks */,
				724AA81018A53D5800560649 /* Resources */,
			);
			buildRules = (
			);
			dependencies = (
				724AA81818A53D5800560649 /* PBXTargetDependency */,
			);
			name = PulseDemoAppTests;
			productName = PulseDemoAppTests;
			productReference = 724AA81218A53D5800560649 /* PulseDemoAppTests.xctest */;
			productType = "com.apple.product-type.bundle.unit-test";
		};
/* End PBXNativeTarget section */

/* Begin PBXProject section */
		724AA7E618A53D5800560649 /* Project object */ = {
			isa = PBXProject;
			attributes = {
				LastUpgradeCheck = 0500;
				ORGANIZATIONNAME = "IBM MIL";
				TargetAttributes = {
					724AA7ED18A53D5800560649 = {
						DevelopmentTeam = W4BUTESPCK;
					};
					724AA81118A53D5800560649 = {
						TestTargetID = 724AA7ED18A53D5800560649;
					};
				};
			};
			buildConfigurationList = 724AA7E918A53D5800560649 /* Build configuration list for PBXProject "PulseDemoApp" */;
			compatibilityVersion = "Xcode 3.2";
			developmentRegion = English;
			hasScannedForEncodings = 0;
			knownRegions = (
				en,
				Base,
			);
			mainGroup = 724AA7E518A53D5800560649;
			productRefGroup = 724AA7EF18A53D5800560649 /* Products */;
			projectDirPath = "";
			projectRoot = "";
			targets = (
				724AA7ED18A53D5800560649 /* PulseDemoApp */,
				724AA81118A53D5800560649 /* PulseDemoAppTests */,
			);
		};
/* End PBXProject section */

/* Begin PBXResourcesBuildPhase section */
		724AA7EC18A53D5800560649 /* Resources */ = {
			isa = PBXResourcesBuildPhase;
			buildActionMask = 2147483647;
			files = (
				724AA88B18AABA6000560649 /* wcl004_0401.jpg in Resources */,
				747F97E718AC169E00554F55 /* jeans5.png in Resources */,
				724AA89018AABA6000560649 /* wcl004_0408.jpg in Resources */,
				747F97D618ABE09000554F55 /* inventory_bg.png in Resources */,
				747F97EA18AC169E00554F55 /* jeans8.png in Resources */,
				724AA89618AABA6000560649 /* wcl004_0416.jpg in Resources */,
				724AA89918AABA6000560649 /* wcl004_0419.jpg in Resources */,
				724AA88C18AABA6000560649 /* wcl004_0402.jpg in Resources */,
				724AA89818AABA6000560649 /* wcl004_0418.jpg in Resources */,
				747F97E818AC169E00554F55 /* jeans6.png in Resources */,
				724AA87018A97F3600560649 /* wsh005_0525.jpg in Resources */,
				724AA80D18A53D5800560649 /* Images.xcassets in Resources */,
				724AA86718A97F3600560649 /* wsh005_0503.jpg in Resources */,
				724AA87118A97F3600560649 /* wsh005_0526.jpg in Resources */,
				724AA86818A97F3600560649 /* wsh005_0509.jpg in Resources */,
				724AA89518AABA6000560649 /* wcl004_0415.jpg in Resources */,
				724AA88F18AABA6000560649 /* wcl004_0407.jpg in Resources */,
				724AA87318A97F3600560649 /* wsh005_0528.jpg in Resources */,
				747F97E918AC169E00554F55 /* jeans7.png in Resources */,
				747F97E518AC169E00554F55 /* jeans3.png in Resources */,
				724AA89718AABA6000560649 /* wcl004_0417.jpg in Resources */,
				747F97F118AC2F6300554F55 /* carrot.png in Resources */,
				747F97E318AC169E00554F55 /* jeans10.png in Resources */,
				724AA89218AABA6000560649 /* wcl004_0412.jpg in Resources */,
				724AA86E18A97F3600560649 /* wsh005_0519.jpg in Resources */,
				724AA88E18AABA6000560649 /* wcl004_0406.jpg in Resources */,
				724AA86C18A97F3600560649 /* wsh005_0515.jpg in Resources */,
				724AA86918A97F3600560649 /* wsh005_0510.jpg in Resources */,
				724AA88D18AABA6000560649 /* wcl004_0405.jpg in Resources */,
				724AA89118AABA6000560649 /* wcl004_0410.jpg in Resources */,
				724AA7FC18A53D5800560649 /* InfoPlist.strings in Resources */,
				747F97E618AC169E00554F55 /* jeans4.png in Resources */,
				724AA89418AABA6000560649 /* wcl004_0414.jpg in Resources */,
				747F97E218AC169E00554F55 /* jeans1.png in Resources */,
				724AA82C18A80E5500560649 /* hamburger_icon.png in Resources */,
				724AA87418A97F3600560649 /* wsh005_0533.jpg in Resources */,
				747F97EB18AC169E00554F55 /* jeans9.png in Resources */,
				724AA86A18A97F3600560649 /* wsh005_0512.jpg in Resources */,
				724AA86618A97F3600560649 /* wsh005_0502.jpg in Resources */,
				724AA87218A97F3600560649 /* wsh005_0527.jpg in Resources */,
				747F97E418AC169E00554F55 /* jeans2.png in Resources */,
				724AA86B18A97F3600560649 /* wsh005_0514.jpg in Resources */,
				724AA86D18A97F3600560649 /* wsh005_0518.jpg in Resources */,
				724AA86F18A97F3600560649 /* wsh005_0524.jpg in Resources */,
				724AA80518A53D5800560649 /* Main.storyboard in Resources */,
				747F97EF18AC2DF700554F55 /* subnav.png in Resources */,
				724AA89A18AABA6000560649 /* wcl004_0420.jpg in Resources */,
				724AA86518A97F3600560649 /* wsh005_0501.jpg in Resources */,
				724AA89318AABA6000560649 /* wcl004_0413.jpg in Resources */,
			);
			runOnlyForDeploymentPostprocessing = 0;
		};
		724AA81018A53D5800560649 /* Resources */ = {
			isa = PBXResourcesBuildPhase;
			buildActionMask = 2147483647;
			files = (
				724AA81E18A53D5800560649 /* InfoPlist.strings in Resources */,
			);
			runOnlyForDeploymentPostprocessing = 0;
		};
/* End PBXResourcesBuildPhase section */

/* Begin PBXSourcesBuildPhase section */
		724AA7EA18A53D5800560649 /* Sources */ = {
			isa = PBXSourcesBuildPhase;
			buildActionMask = 2147483647;
			files = (
				724AA87A18AA8ED900560649 /* MainSplitViewController.m in Sources */,
				724AA83018A8454B00560649 /* NavigationObject.m in Sources */,
				745428A418AAC59000E2398E /* MCRotatingCarousel.m in Sources */,
				724AA80218A53D5800560649 /* AppDelegate.m in Sources */,
				7280BCB918AD2EC500648A1F /* CustomerObject.m in Sources */,
				724AA85318A97D0100560649 /* DepartmentViewController.m in Sources */,
				745428A718AAC71900E2398E /* ProductDetailViewController.m in Sources */,
				724AA80818A53D5800560649 /* MasterViewController.m in Sources */,
				724AA87718A984DE00560649 /* ProductCollectionViewCell.m in Sources */,
				724AA83318A845FF00560649 /* InventoryItem.m in Sources */,
				7280BCAF18AC8F4E00648A1F /* MILTransitionDelegate.m in Sources */,
				724AA7FE18A53D5800560649 /* main.m in Sources */,
				724AA80B18A53D5800560649 /* DetailViewController.m in Sources */,
				7280BCAC18AC75BB00648A1F /* CustomerInformationViewController.m in Sources */,
				7280BCB218AC900F00648A1F /* MILTransitionController.m in Sources */,
				724AA83F18A8822C00560649 /* InventoryViewCell.m in Sources */,
			);
			runOnlyForDeploymentPostprocessing = 0;
		};
		724AA80E18A53D5800560649 /* Sources */ = {
			isa = PBXSourcesBuildPhase;
			buildActionMask = 2147483647;
			files = (
				724AA82018A53D5800560649 /* PulseDemoAppTests.m in Sources */,
			);
			runOnlyForDeploymentPostprocessing = 0;
		};
/* End PBXSourcesBuildPhase section */

/* Begin PBXTargetDependency section */
		724AA81818A53D5800560649 /* PBXTargetDependency */ = {
			isa = PBXTargetDependency;
			target = 724AA7ED18A53D5800560649 /* PulseDemoApp */;
			targetProxy = 724AA81718A53D5800560649 /* PBXContainerItemProxy */;
		};
/* End PBXTargetDependency section */

/* Begin PBXVariantGroup section */
		724AA7FA18A53D5800560649 /* InfoPlist.strings */ = {
			isa = PBXVariantGroup;
			children = (
				724AA7FB18A53D5800560649 /* en */,
			);
			name = InfoPlist.strings;
			sourceTree = "<group>";
		};
		724AA80318A53D5800560649 /* Main.storyboard */ = {
			isa = PBXVariantGroup;
			children = (
				724AA80418A53D5800560649 /* Base */,
			);
			name = Main.storyboard;
			sourceTree = "<group>";
		};
		724AA81C18A53D5800560649 /* InfoPlist.strings */ = {
			isa = PBXVariantGroup;
			children = (
				724AA81D18A53D5800560649 /* en */,
			);
			name = InfoPlist.strings;
			sourceTree = "<group>";
		};
/* End PBXVariantGroup section */

/* Begin XCBuildConfiguration section */
		724AA82118A53D5800560649 /* Debug */ = {
			isa = XCBuildConfiguration;
			buildSettings = {
				ALWAYS_SEARCH_USER_PATHS = NO;
				ARCHS = "$(ARCHS_STANDARD_INCLUDING_64_BIT)";
				CLANG_CXX_LANGUAGE_STANDARD = "gnu++0x";
				CLANG_CXX_LIBRARY = "libc++";
				CLANG_ENABLE_MODULES = YES;
				CLANG_ENABLE_OBJC_ARC = YES;
				CLANG_WARN_BOOL_CONVERSION = YES;
				CLANG_WARN_CONSTANT_CONVERSION = YES;
				CLANG_WARN_DIRECT_OBJC_ISA_USAGE = YES_ERROR;
				CLANG_WARN_EMPTY_BODY = YES;
				CLANG_WARN_ENUM_CONVERSION = YES;
				CLANG_WARN_INT_CONVERSION = YES;
				CLANG_WARN_OBJC_ROOT_CLASS = YES_ERROR;
				CLANG_WARN__DUPLICATE_METHOD_MATCH = YES;
				"CODE_SIGN_IDENTITY[sdk=iphoneos*]" = "iPhone Developer";
				COPY_PHASE_STRIP = NO;
				GCC_C_LANGUAGE_STANDARD = gnu99;
				GCC_DYNAMIC_NO_PIC = NO;
				GCC_OPTIMIZATION_LEVEL = 0;
				GCC_PREPROCESSOR_DEFINITIONS = (
					"DEBUG=1",
					"$(inherited)",
				);
				GCC_SYMBOLS_PRIVATE_EXTERN = NO;
				GCC_WARN_64_TO_32_BIT_CONVERSION = YES;
				GCC_WARN_ABOUT_RETURN_TYPE = YES_ERROR;
				GCC_WARN_UNDECLARED_SELECTOR = YES;
				GCC_WARN_UNINITIALIZED_AUTOS = YES;
				GCC_WARN_UNUSED_FUNCTION = YES;
				GCC_WARN_UNUSED_VARIABLE = YES;
				IPHONEOS_DEPLOYMENT_TARGET = 7.0;
				ONLY_ACTIVE_ARCH = YES;
				SDKROOT = iphoneos;
				TARGETED_DEVICE_FAMILY = 2;
			};
			name = Debug;
		};
		724AA82218A53D5800560649 /* Release */ = {
			isa = XCBuildConfiguration;
			buildSettings = {
				ALWAYS_SEARCH_USER_PATHS = NO;
				ARCHS = "$(ARCHS_STANDARD_INCLUDING_64_BIT)";
				CLANG_CXX_LANGUAGE_STANDARD = "gnu++0x";
				CLANG_CXX_LIBRARY = "libc++";
				CLANG_ENABLE_MODULES = YES;
				CLANG_ENABLE_OBJC_ARC = YES;
				CLANG_WARN_BOOL_CONVERSION = YES;
				CLANG_WARN_CONSTANT_CONVERSION = YES;
				CLANG_WARN_DIRECT_OBJC_ISA_USAGE = YES_ERROR;
				CLANG_WARN_EMPTY_BODY = YES;
				CLANG_WARN_ENUM_CONVERSION = YES;
				CLANG_WARN_INT_CONVERSION = YES;
				CLANG_WARN_OBJC_ROOT_CLASS = YES_ERROR;
				CLANG_WARN__DUPLICATE_METHOD_MATCH = YES;
				"CODE_SIGN_IDENTITY[sdk=iphoneos*]" = "iPhone Developer";
				COPY_PHASE_STRIP = YES;
				ENABLE_NS_ASSERTIONS = NO;
				GCC_C_LANGUAGE_STANDARD = gnu99;
				GCC_WARN_64_TO_32_BIT_CONVERSION = YES;
				GCC_WARN_ABOUT_RETURN_TYPE = YES_ERROR;
				GCC_WARN_UNDECLARED_SELECTOR = YES;
				GCC_WARN_UNINITIALIZED_AUTOS = YES;
				GCC_WARN_UNUSED_FUNCTION = YES;
				GCC_WARN_UNUSED_VARIABLE = YES;
				IPHONEOS_DEPLOYMENT_TARGET = 7.0;
				SDKROOT = iphoneos;
				TARGETED_DEVICE_FAMILY = 2;
				VALIDATE_PRODUCT = YES;
			};
			name = Release;
		};
		724AA82418A53D5800560649 /* Debug */ = {
			isa = XCBuildConfiguration;
			buildSettings = {
				ASSETCATALOG_COMPILER_APPICON_NAME = AppIcon;
				ASSETCATALOG_COMPILER_LAUNCHIMAGE_NAME = LaunchImage;
				CODE_SIGN_IDENTITY = "iPhone Developer";
				"CODE_SIGN_IDENTITY[sdk=iphoneos*]" = "iPhone Developer";
				GCC_PRECOMPILE_PREFIX_HEADER = YES;
				GCC_PREFIX_HEADER = "PulseDemoApp/PulseDemoApp-Prefix.pch";
				INFOPLIST_FILE = "PulseDemoApp/PulseDemoApp-Info.plist";
				PRODUCT_NAME = Metropolitan;
				PROVISIONING_PROFILE = "";
				WRAPPER_EXTENSION = app;
			};
			name = Debug;
		};
		724AA82518A53D5800560649 /* Release */ = {
			isa = XCBuildConfiguration;
			buildSettings = {
				ASSETCATALOG_COMPILER_APPICON_NAME = AppIcon;
				ASSETCATALOG_COMPILER_LAUNCHIMAGE_NAME = LaunchImage;
				CODE_SIGN_IDENTITY = "iPhone Developer";
				"CODE_SIGN_IDENTITY[sdk=iphoneos*]" = "iPhone Developer";
				GCC_PRECOMPILE_PREFIX_HEADER = YES;
				GCC_PREFIX_HEADER = "PulseDemoApp/PulseDemoApp-Prefix.pch";
				INFOPLIST_FILE = "PulseDemoApp/PulseDemoApp-Info.plist";
				PRODUCT_NAME = Metropolitan;
				PROVISIONING_PROFILE = "";
				WRAPPER_EXTENSION = app;
			};
			name = Release;
		};
		724AA82718A53D5800560649 /* Debug */ = {
			isa = XCBuildConfiguration;
			buildSettings = {
				ARCHS = "$(ARCHS_STANDARD_INCLUDING_64_BIT)";
				BUNDLE_LOADER = "$(BUILT_PRODUCTS_DIR)/PulseDemoApp.app/PulseDemoApp";
				FRAMEWORK_SEARCH_PATHS = (
					"$(SDKROOT)/Developer/Library/Frameworks",
					"$(inherited)",
					"$(DEVELOPER_FRAMEWORKS_DIR)",
				);
				GCC_PRECOMPILE_PREFIX_HEADER = YES;
				GCC_PREFIX_HEADER = "PulseDemoApp/PulseDemoApp-Prefix.pch";
				GCC_PREPROCESSOR_DEFINITIONS = (
					"DEBUG=1",
					"$(inherited)",
				);
				INFOPLIST_FILE = "PulseDemoAppTests/PulseDemoAppTests-Info.plist";
				PRODUCT_NAME = "$(TARGET_NAME)";
				TEST_HOST = "$(BUNDLE_LOADER)";
				WRAPPER_EXTENSION = xctest;
			};
			name = Debug;
		};
		724AA82818A53D5800560649 /* Release */ = {
			isa = XCBuildConfiguration;
			buildSettings = {
				ARCHS = "$(ARCHS_STANDARD_INCLUDING_64_BIT)";
				BUNDLE_LOADER = "$(BUILT_PRODUCTS_DIR)/PulseDemoApp.app/PulseDemoApp";
				FRAMEWORK_SEARCH_PATHS = (
					"$(SDKROOT)/Developer/Library/Frameworks",
					"$(inherited)",
					"$(DEVELOPER_FRAMEWORKS_DIR)",
				);
				GCC_PRECOMPILE_PREFIX_HEADER = YES;
				GCC_PREFIX_HEADER = "PulseDemoApp/PulseDemoApp-Prefix.pch";
				INFOPLIST_FILE = "PulseDemoAppTests/PulseDemoAppTests-Info.plist";
				PRODUCT_NAME = "$(TARGET_NAME)";
				TEST_HOST = "$(BUNDLE_LOADER)";
				WRAPPER_EXTENSION = xctest;
			};
			name = Release;
		};
/* End XCBuildConfiguration section */

/* Begin XCConfigurationList section */
		724AA7E918A53D5800560649 /* Build configuration list for PBXProject "PulseDemoApp" */ = {
			isa = XCConfigurationList;
			buildConfigurations = (
				724AA82118A53D5800560649 /* Debug */,
				724AA82218A53D5800560649 /* Release */,
			);
			defaultConfigurationIsVisible = 0;
			defaultConfigurationName = Release;
		};
		724AA82318A53D5800560649 /* Build configuration list for PBXNativeTarget "PulseDemoApp" */ = {
			isa = XCConfigurationList;
			buildConfigurations = (
				724AA82418A53D5800560649 /* Debug */,
				724AA82518A53D5800560649 /* Release */,
			);
			defaultConfigurationIsVisible = 0;
			defaultConfigurationName = Release;
		};
		724AA82618A53D5800560649 /* Build configuration list for PBXNativeTarget "PulseDemoAppTests" */ = {
			isa = XCConfigurationList;
			buildConfigurations = (
				724AA82718A53D5800560649 /* Debug */,
				724AA82818A53D5800560649 /* Release */,
			);
			defaultConfigurationIsVisible = 0;
			defaultConfigurationName = Release;
		};
/* End XCConfigurationList section */
	};
	rootObject = 724AA7E618A53D5800560649 /* Project object */;
}
